// !$*UTF8*$!
{
	archiveVersion = 1;
	classes = {
	};
	objectVersion = 50;
	objects = {

/* Begin PBXBuildFile section */
		294A2F99E93485EC5A67B742 /* libPods-NotesTests.a in Frameworks */ = {isa = PBXBuildFile; fileRef = 5808A066AF497BCB8B7AB702 /* libPods-NotesTests.a */; };
		AD010E3422F1ED2800B1DEBA /* SaveNoteOperation.swift in Sources */ = {isa = PBXBuildFile; fileRef = AD010E3322F1ED2800B1DEBA /* SaveNoteOperation.swift */; };
		AD010E3622F1ED4400B1DEBA /* LoadNotesOperation.swift in Sources */ = {isa = PBXBuildFile; fileRef = AD010E3522F1ED4400B1DEBA /* LoadNotesOperation.swift */; };
		AD010E3822F1ED6200B1DEBA /* RemoveNoteOperation.swift in Sources */ = {isa = PBXBuildFile; fileRef = AD010E3722F1ED6200B1DEBA /* RemoveNoteOperation.swift */; };
		AD010E3A22F1ED8200B1DEBA /* AsyncOperation.swift in Sources */ = {isa = PBXBuildFile; fileRef = AD010E3922F1ED8200B1DEBA /* AsyncOperation.swift */; };
		AD010E3D22F1EDAE00B1DEBA /* BaseDBOperation.swift in Sources */ = {isa = PBXBuildFile; fileRef = AD010E3C22F1EDAE00B1DEBA /* BaseDBOperation.swift */; };
		AD010E3F22F1EDC200B1DEBA /* SaveNoteDBOperation.swift in Sources */ = {isa = PBXBuildFile; fileRef = AD010E3E22F1EDC200B1DEBA /* SaveNoteDBOperation.swift */; };
		AD010E4122F1EDD800B1DEBA /* LoadNotesDBOperation.swift in Sources */ = {isa = PBXBuildFile; fileRef = AD010E4022F1EDD800B1DEBA /* LoadNotesDBOperation.swift */; };
		AD010E4322F1EDF000B1DEBA /* RemoveNoteDBOperation.swift in Sources */ = {isa = PBXBuildFile; fileRef = AD010E4222F1EDF000B1DEBA /* RemoveNoteDBOperation.swift */; };
		AD010E4622F1EE1300B1DEBA /* BaseBackendOperation.swift in Sources */ = {isa = PBXBuildFile; fileRef = AD010E4522F1EE1300B1DEBA /* BaseBackendOperation.swift */; };
		AD010E4922F1EE3100B1DEBA /* SaveNotesBackendOperation.swift in Sources */ = {isa = PBXBuildFile; fileRef = AD010E4822F1EE3100B1DEBA /* SaveNotesBackendOperation.swift */; };
		AD010E4B22F1EE5000B1DEBA /* LoadNotesBackendOperation.swift in Sources */ = {isa = PBXBuildFile; fileRef = AD010E4A22F1EE5000B1DEBA /* LoadNotesBackendOperation.swift */; };
		AD010E4F22F1EE8E00B1DEBA /* NetworkError.swift in Sources */ = {isa = PBXBuildFile; fileRef = AD010E4E22F1EE8E00B1DEBA /* NetworkError.swift */; };
		AD02EBE223097B3A00CFD170 /* Notebook.xcdatamodeld in Sources */ = {isa = PBXBuildFile; fileRef = AD02EBE023097B3A00CFD170 /* Notebook.xcdatamodeld */; };
		AD02EBED23097C2600CFD170 /* NoteEntity+CoreDataProperties.swift in Sources */ = {isa = PBXBuildFile; fileRef = AD02EBEB23097C2600CFD170 /* NoteEntity+CoreDataProperties.swift */; };
		AD02EBEE23097C2600CFD170 /* NoteEntity+Methods.swift in Sources */ = {isa = PBXBuildFile; fileRef = AD02EBEC23097C2600CFD170 /* NoteEntity+Methods.swift */; };
		AD02EBF023097C3E00CFD170 /* NoteEntity+CoreDataClass.swift in Sources */ = {isa = PBXBuildFile; fileRef = AD02EBEF23097C3D00CFD170 /* NoteEntity+CoreDataClass.swift */; };
		AD155101235946AE0099D18B /* NoteColorProtocol.swift in Sources */ = {isa = PBXBuildFile; fileRef = AD155100235946AE0099D18B /* NoteColorProtocol.swift */; };
		AD1551032359BEAB0099D18B /* CGFloat+Extension.swift in Sources */ = {isa = PBXBuildFile; fileRef = AD1551022359BEAA0099D18B /* CGFloat+Extension.swift */; };
		AD28290623593052008470F6 /* FormattedColorIndex.swift in Sources */ = {isa = PBXBuildFile; fileRef = AD28290523593052008470F6 /* FormattedColorIndex.swift */; };
		AD30BAAC22D3802E00C379E6 /* NoteTests.swift in Sources */ = {isa = PBXBuildFile; fileRef = AD30BAAB22D3802E00C379E6 /* NoteTests.swift */; };
		AD3D5697235901F80048DCCB /* NoteColor.swift in Sources */ = {isa = PBXBuildFile; fileRef = AD3D5696235901F80048DCCB /* NoteColor.swift */; };
		AD3D569A235909E70048DCCB /* Converter.swift in Sources */ = {isa = PBXBuildFile; fileRef = AD3D5699235909E70048DCCB /* Converter.swift */; };
		AD3D569C23590DD20048DCCB /* NoteProtocol.swift in Sources */ = {isa = PBXBuildFile; fileRef = AD3D569B23590DD20048DCCB /* NoteProtocol.swift */; };
		AD3DDC0622E2417800647F07 /* ImageGallery.swift in Sources */ = {isa = PBXBuildFile; fileRef = AD3DDC0522E2417800647F07 /* ImageGallery.swift */; };
		AD3DDC0922E24F2A00647F07 /* ImageGalleryViewController.swift in Sources */ = {isa = PBXBuildFile; fileRef = AD3DDC0822E24F2A00647F07 /* ImageGalleryViewController.swift */; };
		AD3DDC0B22E2573200647F07 /* ImageGalleryScrollViewController.swift in Sources */ = {isa = PBXBuildFile; fileRef = AD3DDC0A22E2573200647F07 /* ImageGalleryScrollViewController.swift */; };
		AD3DDC0F22E25B3F00647F07 /* ImageGalleryViewController+UIImagePickerControllerDelegate.swift in Sources */ = {isa = PBXBuildFile; fileRef = AD3DDC0E22E25B3F00647F07 /* ImageGalleryViewController+UIImagePickerControllerDelegate.swift */; };
		AD3DDC1122E25B6D00647F07 /* ImageGalleryViewController+UINavigationControllerDelegate.swift in Sources */ = {isa = PBXBuildFile; fileRef = AD3DDC1022E25B6D00647F07 /* ImageGalleryViewController+UINavigationControllerDelegate.swift */; };
		AD3DDC1322E25BEB00647F07 /* ImageGalleryViewController+Navigation.swift in Sources */ = {isa = PBXBuildFile; fileRef = AD3DDC1222E25BEB00647F07 /* ImageGalleryViewController+Navigation.swift */; };
		AD3DDC1522E25C3B00647F07 /* ImageGalleryViewController+UICollectionViewDataSource.swift in Sources */ = {isa = PBXBuildFile; fileRef = AD3DDC1422E25C3B00647F07 /* ImageGalleryViewController+UICollectionViewDataSource.swift */; };
		AD3DDC1722E25CD400647F07 /* ImageGalleryViewController+UICollectionViewDelegateFlowLayout.swift in Sources */ = {isa = PBXBuildFile; fileRef = AD3DDC1622E25CD400647F07 /* ImageGalleryViewController+UICollectionViewDelegateFlowLayout.swift */; };
		AD3DDC1922E25DC800647F07 /* ImageGalleryViewController+UICollectionViewDelegate.swift in Sources */ = {isa = PBXBuildFile; fileRef = AD3DDC1822E25DC800647F07 /* ImageGalleryViewController+UICollectionViewDelegate.swift */; };
		AD3DDC1B22E25E6200647F07 /* ImageGalleryScrollViewController+UIScrollViewDelegate.swift in Sources */ = {isa = PBXBuildFile; fileRef = AD3DDC1A22E25E6200647F07 /* ImageGalleryScrollViewController+UIScrollViewDelegate.swift */; };
		AD3DDC1E22E2637F00647F07 /* ColorPickerViewController.swift in Sources */ = {isa = PBXBuildFile; fileRef = AD3DDC1D22E2637F00647F07 /* ColorPickerViewController.swift */; };
		AD3DDC2122E2649100647F07 /* ColorDelegate.swift in Sources */ = {isa = PBXBuildFile; fileRef = AD3DDC2022E2649100647F07 /* ColorDelegate.swift */; };
		AD3DDC2322E264D500647F07 /* NoteDelegate.swift in Sources */ = {isa = PBXBuildFile; fileRef = AD3DDC2222E264D500647F07 /* NoteDelegate.swift */; };
		AD3DDC2622E4706F00647F07 /* ColorPickerViewController+ColorDelegate.swift in Sources */ = {isa = PBXBuildFile; fileRef = AD3DDC2522E4706F00647F07 /* ColorPickerViewController+ColorDelegate.swift */; };
		AD3DDC2822E470B800647F07 /* ColorPickerViewController+UIGestureRecognizerDelegate.swift in Sources */ = {isa = PBXBuildFile; fileRef = AD3DDC2722E470B800647F07 /* ColorPickerViewController+UIGestureRecognizerDelegate.swift */; };
		AD3DDC2A22E4712000647F07 /* EditNoteViewController.swift in Sources */ = {isa = PBXBuildFile; fileRef = AD3DDC2922E4712000647F07 /* EditNoteViewController.swift */; };
		AD3DDC2C22E471B000647F07 /* EditNoteViewController+UITextFieldDelegate.swift in Sources */ = {isa = PBXBuildFile; fileRef = AD3DDC2B22E471B000647F07 /* EditNoteViewController+UITextFieldDelegate.swift */; };
		AD3DDC2F22E4739A00647F07 /* EditNoteViewController+ColorDelegate.swift in Sources */ = {isa = PBXBuildFile; fileRef = AD3DDC2E22E4739A00647F07 /* EditNoteViewController+ColorDelegate.swift */; };
		AD3DDC3122E473CD00647F07 /* EditNoteViewController+UIGestureRecognizerDelegate.swift in Sources */ = {isa = PBXBuildFile; fileRef = AD3DDC3022E473CD00647F07 /* EditNoteViewController+UIGestureRecognizerDelegate.swift */; };
		AD3DDC3322E4776A00647F07 /* ColorSquareView.swift in Sources */ = {isa = PBXBuildFile; fileRef = AD3DDC3222E4776A00647F07 /* ColorSquareView.swift */; };
		AD3DDC3522E48CBD00647F07 /* EditNoteViewController+Navigation.swift in Sources */ = {isa = PBXBuildFile; fileRef = AD3DDC3422E48CBD00647F07 /* EditNoteViewController+Navigation.swift */; };
		AD3DDC3722E48FA000647F07 /* EditNoteViewController+Selectors.swift in Sources */ = {isa = PBXBuildFile; fileRef = AD3DDC3622E48FA000647F07 /* EditNoteViewController+Selectors.swift */; };
		AD3DDC3922E48FD800647F07 /* ImageGalleryViewController+Selectors.swift in Sources */ = {isa = PBXBuildFile; fileRef = AD3DDC3822E48FD800647F07 /* ImageGalleryViewController+Selectors.swift */; };
		AD4960A722CA6CFC005E5FE0 /* AppDelegate.swift in Sources */ = {isa = PBXBuildFile; fileRef = AD4960A622CA6CFC005E5FE0 /* AppDelegate.swift */; };
		AD4960AC22CA6CFC005E5FE0 /* Main.storyboard in Resources */ = {isa = PBXBuildFile; fileRef = AD4960AA22CA6CFC005E5FE0 /* Main.storyboard */; };
		AD4960AE22CA6D01005E5FE0 /* Assets.xcassets in Resources */ = {isa = PBXBuildFile; fileRef = AD4960AD22CA6D01005E5FE0 /* Assets.xcassets */; };
		AD4960B122CA6D01005E5FE0 /* LaunchScreen.storyboard in Resources */ = {isa = PBXBuildFile; fileRef = AD4960AF22CA6D01005E5FE0 /* LaunchScreen.storyboard */; };
		AD54627122FF3E8000568F89 /* Owner.swift in Sources */ = {isa = PBXBuildFile; fileRef = AD54626C22FF3E8000568F89 /* Owner.swift */; };
		AD54627222FF3E8000568F89 /* SendGistProperties.swift in Sources */ = {isa = PBXBuildFile; fileRef = AD54626D22FF3E8000568F89 /* SendGistProperties.swift */; };
		AD54627322FF3E8000568F89 /* GitHubGist.swift in Sources */ = {isa = PBXBuildFile; fileRef = AD54626E22FF3E8000568F89 /* GitHubGist.swift */; };
		AD54627422FF3E8000568F89 /* FileContent.swift in Sources */ = {isa = PBXBuildFile; fileRef = AD54626F22FF3E8000568F89 /* FileContent.swift */; };
		AD54627522FF3E8000568F89 /* GistFile.swift in Sources */ = {isa = PBXBuildFile; fileRef = AD54627022FF3E8000568F89 /* GistFile.swift */; };
		AD54627722FF3EDA00568F89 /* UserSettings.swift in Sources */ = {isa = PBXBuildFile; fileRef = AD54627622FF3EDA00568F89 /* UserSettings.swift */; };
		AD54627B22FF483F00568F89 /* AuthenticationViewController.swift in Sources */ = {isa = PBXBuildFile; fileRef = AD54627A22FF483F00568F89 /* AuthenticationViewController.swift */; };
		AD54627D22FF494400568F89 /* AuthenticationViewControllerDelegate.swift in Sources */ = {isa = PBXBuildFile; fileRef = AD54627C22FF494400568F89 /* AuthenticationViewControllerDelegate.swift */; };
		AD54628022FF4A6400568F89 /* NotesTableViewController+AuthenticationViewControllerDelegate.swift in Sources */ = {isa = PBXBuildFile; fileRef = AD54627F22FF4A6400568F89 /* NotesTableViewController+AuthenticationViewControllerDelegate.swift */; };
		AD54628222FF4B2E00568F89 /* NotesTableViewController+DataMethods.swift in Sources */ = {isa = PBXBuildFile; fileRef = AD54628122FF4B2E00568F89 /* NotesTableViewController+DataMethods.swift */; };
		AD54628422FF4FED00568F89 /* EditNoteViewController+DataMethods.swift in Sources */ = {isa = PBXBuildFile; fileRef = AD54628322FF4FED00568F89 /* EditNoteViewController+DataMethods.swift */; };
		AD7C12D4235C78F20072F2E4 /* UIAlertController+Extension.swift in Sources */ = {isa = PBXBuildFile; fileRef = AD7C12D3235C78F20072F2E4 /* UIAlertController+Extension.swift */; };
		AD7C12D6235CED360072F2E4 /* NoteFilesError.swift in Sources */ = {isa = PBXBuildFile; fileRef = AD7C12D5235CED360072F2E4 /* NoteFilesError.swift */; };
		AD9F0A692300298B00CD366D /* UserInfo.swift in Sources */ = {isa = PBXBuildFile; fileRef = AD9F0A682300298B00CD366D /* UserInfo.swift */; };
		AD9F0A6B230029C200CD366D /* GitHubToken.swift in Sources */ = {isa = PBXBuildFile; fileRef = AD9F0A6A230029C200CD366D /* GitHubToken.swift */; };
		ADA3557B22D22C3A00AE2E31 /* .gitignore in Resources */ = {isa = PBXBuildFile; fileRef = ADA3557A22D22C3A00AE2E31 /* .gitignore */; };
		ADA7B5A02300B455008DEEC2 /* AuthenticationViewController+WKNavigationDelegate.swift in Sources */ = {isa = PBXBuildFile; fileRef = ADA7B59F2300B455008DEEC2 /* AuthenticationViewController+WKNavigationDelegate.swift */; };
		ADA7B5A22300B511008DEEC2 /* AuthenticationViewController+Requests.swift in Sources */ = {isa = PBXBuildFile; fileRef = ADA7B5A12300B511008DEEC2 /* AuthenticationViewController+Requests.swift */; };
		ADA7B5A42300B5B3008DEEC2 /* AuthenticationViewController+CustomMethos.swift in Sources */ = {isa = PBXBuildFile; fileRef = ADA7B5A32300B5B3008DEEC2 /* AuthenticationViewController+CustomMethos.swift */; };
		ADABEC5C22D368C4006D5167 /* FileNotebookTests.swift in Sources */ = {isa = PBXBuildFile; fileRef = ADABEC5922D368C3006D5167 /* FileNotebookTests.swift */; };
		ADABEC5E22D368C4006D5167 /* NoteExtensionTests.swift in Sources */ = {isa = PBXBuildFile; fileRef = ADABEC5B22D368C4006D5167 /* NoteExtensionTests.swift */; };
		ADC4B26F2308B1E800CC815D /* UIClolor+Extension.swift in Sources */ = {isa = PBXBuildFile; fileRef = ADC4B26E2308B1E800CC815D /* UIClolor+Extension.swift */; };
		ADC4B2712308B5D200CC815D /* Importance.swift in Sources */ = {isa = PBXBuildFile; fileRef = ADC4B2702308B5D200CC815D /* Importance.swift */; };
		ADCCF0C422D0BF340055DE1A /* NoteExtension.swift in Sources */ = {isa = PBXBuildFile; fileRef = ADCCF0C122D0BF330055DE1A /* NoteExtension.swift */; };
		ADCCF0C522D0BF340055DE1A /* FileNotebook.swift in Sources */ = {isa = PBXBuildFile; fileRef = ADCCF0C222D0BF340055DE1A /* FileNotebook.swift */; };
		ADCCF0C622D0BF340055DE1A /* Note.swift in Sources */ = {isa = PBXBuildFile; fileRef = ADCCF0C322D0BF340055DE1A /* Note.swift */; };
		ADF266FF22E4BDF60008D4B0 /* EditNoteViewController+CustomMethods.swift in Sources */ = {isa = PBXBuildFile; fileRef = ADF266FE22E4BDF60008D4B0 /* EditNoteViewController+CustomMethods.swift */; };
		ADF2670122E4C0D80008D4B0 /* ColorPaletteView.swift in Sources */ = {isa = PBXBuildFile; fileRef = ADF2670022E4C0D80008D4B0 /* ColorPaletteView.swift */; };
		ADF2670322E4E72A0008D4B0 /* ColorPickerView.swift in Sources */ = {isa = PBXBuildFile; fileRef = ADF2670222E4E72A0008D4B0 /* ColorPickerView.swift */; };
		ADF2670622E4FA300008D4B0 /* ColorPickerView+DrawMethods.swift in Sources */ = {isa = PBXBuildFile; fileRef = ADF2670522E4FA300008D4B0 /* ColorPickerView+DrawMethods.swift */; };
		ADF2670822E4FACF0008D4B0 /* ColorPickerView+UIMethods.swift in Sources */ = {isa = PBXBuildFile; fileRef = ADF2670722E4FACF0008D4B0 /* ColorPickerView+UIMethods.swift */; };
		ADF2670A22E4FDAA0008D4B0 /* ColorPickerView.xib in Resources */ = {isa = PBXBuildFile; fileRef = ADF2670922E4FDAA0008D4B0 /* ColorPickerView.xib */; };
		ADF2670C22E502BB0008D4B0 /* NotesTableViewController.swift in Sources */ = {isa = PBXBuildFile; fileRef = ADF2670B22E502BB0008D4B0 /* NotesTableViewController.swift */; };
		ADF2670F22E503640008D4B0 /* NotesTableViewController+NoteDelegate.swift in Sources */ = {isa = PBXBuildFile; fileRef = ADF2670E22E503630008D4B0 /* NotesTableViewController+NoteDelegate.swift */; };
		ADF2671122E504A70008D4B0 /* NoteTableViewCell.swift in Sources */ = {isa = PBXBuildFile; fileRef = ADF2671022E504A70008D4B0 /* NoteTableViewCell.swift */; };
		ADF2671322E5098F0008D4B0 /* NotesTableViewController+UITableViewDataSource.swift in Sources */ = {isa = PBXBuildFile; fileRef = ADF2671222E5098F0008D4B0 /* NotesTableViewController+UITableViewDataSource.swift */; };
		ADF2671522E509A20008D4B0 /* NotesTableViewController+UITableViewDelegate.swift in Sources */ = {isa = PBXBuildFile; fileRef = ADF2671422E509A20008D4B0 /* NotesTableViewController+UITableViewDelegate.swift */; };
		ADF2671722E511D80008D4B0 /* NotesTableViewController+Selectors.swift in Sources */ = {isa = PBXBuildFile; fileRef = ADF2671622E511D80008D4B0 /* NotesTableViewController+Selectors.swift */; };
		ADF2671922E512F10008D4B0 /* NotesTableViewController+Navigation.swift in Sources */ = {isa = PBXBuildFile; fileRef = ADF2671822E512F10008D4B0 /* NotesTableViewController+Navigation.swift */; };
		ADF2671B22E514080008D4B0 /* NotesTableViewController+CustomMethods.swift in Sources */ = {isa = PBXBuildFile; fileRef = ADF2671A22E514080008D4B0 /* NotesTableViewController+CustomMethods.swift */; };
		ADF2671D22E5146A0008D4B0 /* NoteTableViewCell.xib in Resources */ = {isa = PBXBuildFile; fileRef = ADF2671C22E5146A0008D4B0 /* NoteTableViewCell.xib */; };
		BD123E92818EEF2471276385 /* libPods-Notes.a in Frameworks */ = {isa = PBXBuildFile; fileRef = 56D8C94360BA741FB28C602D /* libPods-Notes.a */; };
/* End PBXBuildFile section */

/* Begin PBXContainerItemProxy section */
		ADCDA88622D3336F007F4C22 /* PBXContainerItemProxy */ = {
			isa = PBXContainerItemProxy;
			containerPortal = AD49609B22CA6CFB005E5FE0 /* Project object */;
			proxyType = 1;
			remoteGlobalIDString = AD4960A222CA6CFC005E5FE0;
			remoteInfo = Notes;
		};
/* End PBXContainerItemProxy section */

/* Begin PBXFileReference section */
		3E2DB4F4653EE02E163ED75C /* Pods-Notes.debug.xcconfig */ = {isa = PBXFileReference; includeInIndex = 1; lastKnownFileType = text.xcconfig; name = "Pods-Notes.debug.xcconfig"; path = "Target Support Files/Pods-Notes/Pods-Notes.debug.xcconfig"; sourceTree = "<group>"; };
		56D8C94360BA741FB28C602D /* libPods-Notes.a */ = {isa = PBXFileReference; explicitFileType = archive.ar; includeInIndex = 0; path = "libPods-Notes.a"; sourceTree = BUILT_PRODUCTS_DIR; };
		5808A066AF497BCB8B7AB702 /* libPods-NotesTests.a */ = {isa = PBXFileReference; explicitFileType = archive.ar; includeInIndex = 0; path = "libPods-NotesTests.a"; sourceTree = BUILT_PRODUCTS_DIR; };
		5DEC16E32F5348984E6043B6 /* Pods-Notes.release.xcconfig */ = {isa = PBXFileReference; includeInIndex = 1; lastKnownFileType = text.xcconfig; name = "Pods-Notes.release.xcconfig"; path = "Target Support Files/Pods-Notes/Pods-Notes.release.xcconfig"; sourceTree = "<group>"; };
		99F1CF29C941C6337E85C74A /* Pods-Notes.release with agressive optimization.xcconfig */ = {isa = PBXFileReference; includeInIndex = 1; lastKnownFileType = text.xcconfig; name = "Pods-Notes.release with agressive optimization.xcconfig"; path = "Target Support Files/Pods-Notes/Pods-Notes.release with agressive optimization.xcconfig"; sourceTree = "<group>"; };
		AD010E3322F1ED2800B1DEBA /* SaveNoteOperation.swift */ = {isa = PBXFileReference; lastKnownFileType = sourcecode.swift; path = SaveNoteOperation.swift; sourceTree = "<group>"; };
		AD010E3522F1ED4400B1DEBA /* LoadNotesOperation.swift */ = {isa = PBXFileReference; lastKnownFileType = sourcecode.swift; path = LoadNotesOperation.swift; sourceTree = "<group>"; };
		AD010E3722F1ED6200B1DEBA /* RemoveNoteOperation.swift */ = {isa = PBXFileReference; lastKnownFileType = sourcecode.swift; path = RemoveNoteOperation.swift; sourceTree = "<group>"; };
		AD010E3922F1ED8200B1DEBA /* AsyncOperation.swift */ = {isa = PBXFileReference; lastKnownFileType = sourcecode.swift; path = AsyncOperation.swift; sourceTree = "<group>"; };
		AD010E3C22F1EDAE00B1DEBA /* BaseDBOperation.swift */ = {isa = PBXFileReference; lastKnownFileType = sourcecode.swift; path = BaseDBOperation.swift; sourceTree = "<group>"; };
		AD010E3E22F1EDC200B1DEBA /* SaveNoteDBOperation.swift */ = {isa = PBXFileReference; lastKnownFileType = sourcecode.swift; path = SaveNoteDBOperation.swift; sourceTree = "<group>"; };
		AD010E4022F1EDD800B1DEBA /* LoadNotesDBOperation.swift */ = {isa = PBXFileReference; lastKnownFileType = sourcecode.swift; path = LoadNotesDBOperation.swift; sourceTree = "<group>"; };
		AD010E4222F1EDF000B1DEBA /* RemoveNoteDBOperation.swift */ = {isa = PBXFileReference; lastKnownFileType = sourcecode.swift; path = RemoveNoteDBOperation.swift; sourceTree = "<group>"; };
		AD010E4522F1EE1300B1DEBA /* BaseBackendOperation.swift */ = {isa = PBXFileReference; lastKnownFileType = sourcecode.swift; path = BaseBackendOperation.swift; sourceTree = "<group>"; };
		AD010E4822F1EE3100B1DEBA /* SaveNotesBackendOperation.swift */ = {isa = PBXFileReference; lastKnownFileType = sourcecode.swift; path = SaveNotesBackendOperation.swift; sourceTree = "<group>"; };
		AD010E4A22F1EE5000B1DEBA /* LoadNotesBackendOperation.swift */ = {isa = PBXFileReference; lastKnownFileType = sourcecode.swift; path = LoadNotesBackendOperation.swift; sourceTree = "<group>"; };
		AD010E4E22F1EE8E00B1DEBA /* NetworkError.swift */ = {isa = PBXFileReference; lastKnownFileType = sourcecode.swift; path = NetworkError.swift; sourceTree = "<group>"; };
		AD02EBE123097B3A00CFD170 /* Notebook.xcdatamodel */ = {isa = PBXFileReference; lastKnownFileType = wrapper.xcdatamodel; path = Notebook.xcdatamodel; sourceTree = "<group>"; };
		AD02EBEB23097C2600CFD170 /* NoteEntity+CoreDataProperties.swift */ = {isa = PBXFileReference; fileEncoding = 4; lastKnownFileType = sourcecode.swift; path = "NoteEntity+CoreDataProperties.swift"; sourceTree = "<group>"; };
		AD02EBEC23097C2600CFD170 /* NoteEntity+Methods.swift */ = {isa = PBXFileReference; fileEncoding = 4; lastKnownFileType = sourcecode.swift; path = "NoteEntity+Methods.swift"; sourceTree = "<group>"; };
		AD02EBEF23097C3D00CFD170 /* NoteEntity+CoreDataClass.swift */ = {isa = PBXFileReference; fileEncoding = 4; lastKnownFileType = sourcecode.swift; path = "NoteEntity+CoreDataClass.swift"; sourceTree = "<group>"; };
		AD155100235946AE0099D18B /* NoteColorProtocol.swift */ = {isa = PBXFileReference; lastKnownFileType = sourcecode.swift; path = NoteColorProtocol.swift; sourceTree = "<group>"; };
		AD1551022359BEAA0099D18B /* CGFloat+Extension.swift */ = {isa = PBXFileReference; lastKnownFileType = sourcecode.swift; path = "CGFloat+Extension.swift"; sourceTree = "<group>"; };
		AD28290523593052008470F6 /* FormattedColorIndex.swift */ = {isa = PBXFileReference; lastKnownFileType = sourcecode.swift; path = FormattedColorIndex.swift; sourceTree = "<group>"; };
		AD30BAAB22D3802E00C379E6 /* NoteTests.swift */ = {isa = PBXFileReference; fileEncoding = 4; lastKnownFileType = sourcecode.swift; path = NoteTests.swift; sourceTree = "<group>"; };
		AD3D5696235901F80048DCCB /* NoteColor.swift */ = {isa = PBXFileReference; lastKnownFileType = sourcecode.swift; path = NoteColor.swift; sourceTree = "<group>"; };
		AD3D5699235909E70048DCCB /* Converter.swift */ = {isa = PBXFileReference; lastKnownFileType = sourcecode.swift; path = Converter.swift; sourceTree = "<group>"; };
		AD3D569B23590DD20048DCCB /* NoteProtocol.swift */ = {isa = PBXFileReference; lastKnownFileType = sourcecode.swift; path = NoteProtocol.swift; sourceTree = "<group>"; };
		AD3DDC0522E2417800647F07 /* ImageGallery.swift */ = {isa = PBXFileReference; lastKnownFileType = sourcecode.swift; path = ImageGallery.swift; sourceTree = "<group>"; };
		AD3DDC0822E24F2A00647F07 /* ImageGalleryViewController.swift */ = {isa = PBXFileReference; lastKnownFileType = sourcecode.swift; path = ImageGalleryViewController.swift; sourceTree = "<group>"; };
		AD3DDC0A22E2573200647F07 /* ImageGalleryScrollViewController.swift */ = {isa = PBXFileReference; lastKnownFileType = sourcecode.swift; path = ImageGalleryScrollViewController.swift; sourceTree = "<group>"; };
		AD3DDC0E22E25B3F00647F07 /* ImageGalleryViewController+UIImagePickerControllerDelegate.swift */ = {isa = PBXFileReference; lastKnownFileType = sourcecode.swift; path = "ImageGalleryViewController+UIImagePickerControllerDelegate.swift"; sourceTree = "<group>"; };
		AD3DDC1022E25B6D00647F07 /* ImageGalleryViewController+UINavigationControllerDelegate.swift */ = {isa = PBXFileReference; lastKnownFileType = sourcecode.swift; path = "ImageGalleryViewController+UINavigationControllerDelegate.swift"; sourceTree = "<group>"; };
		AD3DDC1222E25BEB00647F07 /* ImageGalleryViewController+Navigation.swift */ = {isa = PBXFileReference; lastKnownFileType = sourcecode.swift; path = "ImageGalleryViewController+Navigation.swift"; sourceTree = "<group>"; };
		AD3DDC1422E25C3B00647F07 /* ImageGalleryViewController+UICollectionViewDataSource.swift */ = {isa = PBXFileReference; lastKnownFileType = sourcecode.swift; path = "ImageGalleryViewController+UICollectionViewDataSource.swift"; sourceTree = "<group>"; };
		AD3DDC1622E25CD400647F07 /* ImageGalleryViewController+UICollectionViewDelegateFlowLayout.swift */ = {isa = PBXFileReference; lastKnownFileType = sourcecode.swift; path = "ImageGalleryViewController+UICollectionViewDelegateFlowLayout.swift"; sourceTree = "<group>"; };
		AD3DDC1822E25DC800647F07 /* ImageGalleryViewController+UICollectionViewDelegate.swift */ = {isa = PBXFileReference; lastKnownFileType = sourcecode.swift; path = "ImageGalleryViewController+UICollectionViewDelegate.swift"; sourceTree = "<group>"; };
		AD3DDC1A22E25E6200647F07 /* ImageGalleryScrollViewController+UIScrollViewDelegate.swift */ = {isa = PBXFileReference; lastKnownFileType = sourcecode.swift; path = "ImageGalleryScrollViewController+UIScrollViewDelegate.swift"; sourceTree = "<group>"; };
		AD3DDC1D22E2637F00647F07 /* ColorPickerViewController.swift */ = {isa = PBXFileReference; lastKnownFileType = sourcecode.swift; path = ColorPickerViewController.swift; sourceTree = "<group>"; };
		AD3DDC2022E2649100647F07 /* ColorDelegate.swift */ = {isa = PBXFileReference; lastKnownFileType = sourcecode.swift; path = ColorDelegate.swift; sourceTree = "<group>"; };
		AD3DDC2222E264D500647F07 /* NoteDelegate.swift */ = {isa = PBXFileReference; lastKnownFileType = sourcecode.swift; path = NoteDelegate.swift; sourceTree = "<group>"; };
		AD3DDC2522E4706F00647F07 /* ColorPickerViewController+ColorDelegate.swift */ = {isa = PBXFileReference; lastKnownFileType = sourcecode.swift; path = "ColorPickerViewController+ColorDelegate.swift"; sourceTree = "<group>"; };
		AD3DDC2722E470B800647F07 /* ColorPickerViewController+UIGestureRecognizerDelegate.swift */ = {isa = PBXFileReference; lastKnownFileType = sourcecode.swift; path = "ColorPickerViewController+UIGestureRecognizerDelegate.swift"; sourceTree = "<group>"; };
		AD3DDC2922E4712000647F07 /* EditNoteViewController.swift */ = {isa = PBXFileReference; lastKnownFileType = sourcecode.swift; path = EditNoteViewController.swift; sourceTree = "<group>"; };
		AD3DDC2B22E471B000647F07 /* EditNoteViewController+UITextFieldDelegate.swift */ = {isa = PBXFileReference; lastKnownFileType = sourcecode.swift; path = "EditNoteViewController+UITextFieldDelegate.swift"; sourceTree = "<group>"; };
		AD3DDC2E22E4739A00647F07 /* EditNoteViewController+ColorDelegate.swift */ = {isa = PBXFileReference; lastKnownFileType = sourcecode.swift; path = "EditNoteViewController+ColorDelegate.swift"; sourceTree = "<group>"; };
		AD3DDC3022E473CD00647F07 /* EditNoteViewController+UIGestureRecognizerDelegate.swift */ = {isa = PBXFileReference; lastKnownFileType = sourcecode.swift; path = "EditNoteViewController+UIGestureRecognizerDelegate.swift"; sourceTree = "<group>"; };
		AD3DDC3222E4776A00647F07 /* ColorSquareView.swift */ = {isa = PBXFileReference; lastKnownFileType = sourcecode.swift; path = ColorSquareView.swift; sourceTree = "<group>"; };
		AD3DDC3422E48CBD00647F07 /* EditNoteViewController+Navigation.swift */ = {isa = PBXFileReference; lastKnownFileType = sourcecode.swift; path = "EditNoteViewController+Navigation.swift"; sourceTree = "<group>"; };
		AD3DDC3622E48FA000647F07 /* EditNoteViewController+Selectors.swift */ = {isa = PBXFileReference; lastKnownFileType = sourcecode.swift; path = "EditNoteViewController+Selectors.swift"; sourceTree = "<group>"; };
		AD3DDC3822E48FD800647F07 /* ImageGalleryViewController+Selectors.swift */ = {isa = PBXFileReference; lastKnownFileType = sourcecode.swift; path = "ImageGalleryViewController+Selectors.swift"; sourceTree = "<group>"; };
		AD4960A322CA6CFC005E5FE0 /* Notes.app */ = {isa = PBXFileReference; explicitFileType = wrapper.application; includeInIndex = 0; path = Notes.app; sourceTree = BUILT_PRODUCTS_DIR; };
		AD4960A622CA6CFC005E5FE0 /* AppDelegate.swift */ = {isa = PBXFileReference; lastKnownFileType = sourcecode.swift; path = AppDelegate.swift; sourceTree = "<group>"; };
		AD4960AB22CA6CFC005E5FE0 /* Base */ = {isa = PBXFileReference; lastKnownFileType = file.storyboard; name = Base; path = Base.lproj/Main.storyboard; sourceTree = "<group>"; };
		AD4960AD22CA6D01005E5FE0 /* Assets.xcassets */ = {isa = PBXFileReference; lastKnownFileType = folder.assetcatalog; path = Assets.xcassets; sourceTree = "<group>"; };
		AD4960B022CA6D01005E5FE0 /* Base */ = {isa = PBXFileReference; lastKnownFileType = file.storyboard; name = Base; path = Base.lproj/LaunchScreen.storyboard; sourceTree = "<group>"; };
		AD4960B222CA6D01005E5FE0 /* Info.plist */ = {isa = PBXFileReference; lastKnownFileType = text.plist.xml; path = Info.plist; sourceTree = "<group>"; };
		AD54626C22FF3E8000568F89 /* Owner.swift */ = {isa = PBXFileReference; fileEncoding = 4; lastKnownFileType = sourcecode.swift; path = Owner.swift; sourceTree = "<group>"; };
		AD54626D22FF3E8000568F89 /* SendGistProperties.swift */ = {isa = PBXFileReference; fileEncoding = 4; lastKnownFileType = sourcecode.swift; path = SendGistProperties.swift; sourceTree = "<group>"; };
		AD54626E22FF3E8000568F89 /* GitHubGist.swift */ = {isa = PBXFileReference; fileEncoding = 4; lastKnownFileType = sourcecode.swift; path = GitHubGist.swift; sourceTree = "<group>"; };
		AD54626F22FF3E8000568F89 /* FileContent.swift */ = {isa = PBXFileReference; fileEncoding = 4; lastKnownFileType = sourcecode.swift; path = FileContent.swift; sourceTree = "<group>"; };
		AD54627022FF3E8000568F89 /* GistFile.swift */ = {isa = PBXFileReference; fileEncoding = 4; lastKnownFileType = sourcecode.swift; path = GistFile.swift; sourceTree = "<group>"; };
		AD54627622FF3EDA00568F89 /* UserSettings.swift */ = {isa = PBXFileReference; fileEncoding = 4; lastKnownFileType = sourcecode.swift; path = UserSettings.swift; sourceTree = "<group>"; };
		AD54627A22FF483F00568F89 /* AuthenticationViewController.swift */ = {isa = PBXFileReference; lastKnownFileType = sourcecode.swift; path = AuthenticationViewController.swift; sourceTree = "<group>"; };
		AD54627C22FF494400568F89 /* AuthenticationViewControllerDelegate.swift */ = {isa = PBXFileReference; lastKnownFileType = sourcecode.swift; path = AuthenticationViewControllerDelegate.swift; sourceTree = "<group>"; };
		AD54627F22FF4A6400568F89 /* NotesTableViewController+AuthenticationViewControllerDelegate.swift */ = {isa = PBXFileReference; lastKnownFileType = sourcecode.swift; path = "NotesTableViewController+AuthenticationViewControllerDelegate.swift"; sourceTree = "<group>"; };
		AD54628122FF4B2E00568F89 /* NotesTableViewController+DataMethods.swift */ = {isa = PBXFileReference; lastKnownFileType = sourcecode.swift; path = "NotesTableViewController+DataMethods.swift"; sourceTree = "<group>"; };
		AD54628322FF4FED00568F89 /* EditNoteViewController+DataMethods.swift */ = {isa = PBXFileReference; lastKnownFileType = sourcecode.swift; path = "EditNoteViewController+DataMethods.swift"; sourceTree = "<group>"; };
		AD7C12D3235C78F20072F2E4 /* UIAlertController+Extension.swift */ = {isa = PBXFileReference; lastKnownFileType = sourcecode.swift; path = "UIAlertController+Extension.swift"; sourceTree = "<group>"; };
		AD7C12D5235CED360072F2E4 /* NoteFilesError.swift */ = {isa = PBXFileReference; lastKnownFileType = sourcecode.swift; path = NoteFilesError.swift; sourceTree = "<group>"; };
		AD9F0A682300298B00CD366D /* UserInfo.swift */ = {isa = PBXFileReference; lastKnownFileType = sourcecode.swift; path = UserInfo.swift; sourceTree = "<group>"; };
		AD9F0A6A230029C200CD366D /* GitHubToken.swift */ = {isa = PBXFileReference; lastKnownFileType = sourcecode.swift; path = GitHubToken.swift; sourceTree = "<group>"; };
		ADA3557A22D22C3A00AE2E31 /* .gitignore */ = {isa = PBXFileReference; lastKnownFileType = text; path = .gitignore; sourceTree = "<group>"; };
		ADA48A302309849E00D7BD00 /* Notebook 2.xcdatamodel */ = {isa = PBXFileReference; lastKnownFileType = wrapper.xcdatamodel; path = "Notebook 2.xcdatamodel"; sourceTree = "<group>"; };
		ADA7B59F2300B455008DEEC2 /* AuthenticationViewController+WKNavigationDelegate.swift */ = {isa = PBXFileReference; lastKnownFileType = sourcecode.swift; path = "AuthenticationViewController+WKNavigationDelegate.swift"; sourceTree = "<group>"; };
		ADA7B5A12300B511008DEEC2 /* AuthenticationViewController+Requests.swift */ = {isa = PBXFileReference; lastKnownFileType = sourcecode.swift; path = "AuthenticationViewController+Requests.swift"; sourceTree = "<group>"; };
		ADA7B5A32300B5B3008DEEC2 /* AuthenticationViewController+CustomMethos.swift */ = {isa = PBXFileReference; lastKnownFileType = sourcecode.swift; path = "AuthenticationViewController+CustomMethos.swift"; sourceTree = "<group>"; };
		ADABEC5922D368C3006D5167 /* FileNotebookTests.swift */ = {isa = PBXFileReference; fileEncoding = 4; lastKnownFileType = sourcecode.swift; path = FileNotebookTests.swift; sourceTree = "<group>"; };
		ADABEC5B22D368C4006D5167 /* NoteExtensionTests.swift */ = {isa = PBXFileReference; fileEncoding = 4; lastKnownFileType = sourcecode.swift; path = NoteExtensionTests.swift; sourceTree = "<group>"; };
		ADC4B26E2308B1E800CC815D /* UIClolor+Extension.swift */ = {isa = PBXFileReference; lastKnownFileType = sourcecode.swift; path = "UIClolor+Extension.swift"; sourceTree = "<group>"; };
		ADC4B2702308B5D200CC815D /* Importance.swift */ = {isa = PBXFileReference; lastKnownFileType = sourcecode.swift; path = Importance.swift; sourceTree = "<group>"; };
		ADCCF0C122D0BF330055DE1A /* NoteExtension.swift */ = {isa = PBXFileReference; fileEncoding = 4; lastKnownFileType = sourcecode.swift; path = NoteExtension.swift; sourceTree = "<group>"; };
		ADCCF0C222D0BF340055DE1A /* FileNotebook.swift */ = {isa = PBXFileReference; fileEncoding = 4; lastKnownFileType = sourcecode.swift; path = FileNotebook.swift; sourceTree = "<group>"; };
		ADCCF0C322D0BF340055DE1A /* Note.swift */ = {isa = PBXFileReference; fileEncoding = 4; lastKnownFileType = sourcecode.swift; path = Note.swift; sourceTree = "<group>"; };
		ADCDA88122D3336F007F4C22 /* NotesTests.xctest */ = {isa = PBXFileReference; explicitFileType = wrapper.cfbundle; includeInIndex = 0; path = NotesTests.xctest; sourceTree = BUILT_PRODUCTS_DIR; };
		ADCDA88522D3336F007F4C22 /* Info.plist */ = {isa = PBXFileReference; lastKnownFileType = text.plist.xml; path = Info.plist; sourceTree = "<group>"; };
		ADF266FE22E4BDF60008D4B0 /* EditNoteViewController+CustomMethods.swift */ = {isa = PBXFileReference; lastKnownFileType = sourcecode.swift; path = "EditNoteViewController+CustomMethods.swift"; sourceTree = "<group>"; };
		ADF2670022E4C0D80008D4B0 /* ColorPaletteView.swift */ = {isa = PBXFileReference; lastKnownFileType = sourcecode.swift; path = ColorPaletteView.swift; sourceTree = "<group>"; };
		ADF2670222E4E72A0008D4B0 /* ColorPickerView.swift */ = {isa = PBXFileReference; lastKnownFileType = sourcecode.swift; path = ColorPickerView.swift; sourceTree = "<group>"; };
		ADF2670522E4FA300008D4B0 /* ColorPickerView+DrawMethods.swift */ = {isa = PBXFileReference; lastKnownFileType = sourcecode.swift; path = "ColorPickerView+DrawMethods.swift"; sourceTree = "<group>"; };
		ADF2670722E4FACF0008D4B0 /* ColorPickerView+UIMethods.swift */ = {isa = PBXFileReference; lastKnownFileType = sourcecode.swift; path = "ColorPickerView+UIMethods.swift"; sourceTree = "<group>"; };
		ADF2670922E4FDAA0008D4B0 /* ColorPickerView.xib */ = {isa = PBXFileReference; lastKnownFileType = file.xib; path = ColorPickerView.xib; sourceTree = "<group>"; };
		ADF2670B22E502BB0008D4B0 /* NotesTableViewController.swift */ = {isa = PBXFileReference; lastKnownFileType = sourcecode.swift; path = NotesTableViewController.swift; sourceTree = "<group>"; };
		ADF2670E22E503630008D4B0 /* NotesTableViewController+NoteDelegate.swift */ = {isa = PBXFileReference; lastKnownFileType = sourcecode.swift; path = "NotesTableViewController+NoteDelegate.swift"; sourceTree = "<group>"; };
		ADF2671022E504A70008D4B0 /* NoteTableViewCell.swift */ = {isa = PBXFileReference; lastKnownFileType = sourcecode.swift; path = NoteTableViewCell.swift; sourceTree = "<group>"; };
		ADF2671222E5098F0008D4B0 /* NotesTableViewController+UITableViewDataSource.swift */ = {isa = PBXFileReference; lastKnownFileType = sourcecode.swift; path = "NotesTableViewController+UITableViewDataSource.swift"; sourceTree = "<group>"; };
		ADF2671422E509A20008D4B0 /* NotesTableViewController+UITableViewDelegate.swift */ = {isa = PBXFileReference; lastKnownFileType = sourcecode.swift; path = "NotesTableViewController+UITableViewDelegate.swift"; sourceTree = "<group>"; };
		ADF2671622E511D80008D4B0 /* NotesTableViewController+Selectors.swift */ = {isa = PBXFileReference; lastKnownFileType = sourcecode.swift; path = "NotesTableViewController+Selectors.swift"; sourceTree = "<group>"; };
		ADF2671822E512F10008D4B0 /* NotesTableViewController+Navigation.swift */ = {isa = PBXFileReference; lastKnownFileType = sourcecode.swift; path = "NotesTableViewController+Navigation.swift"; sourceTree = "<group>"; };
		ADF2671A22E514080008D4B0 /* NotesTableViewController+CustomMethods.swift */ = {isa = PBXFileReference; lastKnownFileType = sourcecode.swift; path = "NotesTableViewController+CustomMethods.swift"; sourceTree = "<group>"; };
		ADF2671C22E5146A0008D4B0 /* NoteTableViewCell.xib */ = {isa = PBXFileReference; lastKnownFileType = file.xib; path = NoteTableViewCell.xib; sourceTree = "<group>"; };
		AE360749E7DF03FAEFD92071 /* Pods-NotesTests.debug.xcconfig */ = {isa = PBXFileReference; includeInIndex = 1; lastKnownFileType = text.xcconfig; name = "Pods-NotesTests.debug.xcconfig"; path = "Target Support Files/Pods-NotesTests/Pods-NotesTests.debug.xcconfig"; sourceTree = "<group>"; };
		B7BAC4473D0E49A6226B2EEF /* Pods-NotesTests.release.xcconfig */ = {isa = PBXFileReference; includeInIndex = 1; lastKnownFileType = text.xcconfig; name = "Pods-NotesTests.release.xcconfig"; path = "Target Support Files/Pods-NotesTests/Pods-NotesTests.release.xcconfig"; sourceTree = "<group>"; };
		E6A3223047E5FCB9F1C3CAC7 /* Pods-NotesTests.release with agressive optimization.xcconfig */ = {isa = PBXFileReference; includeInIndex = 1; lastKnownFileType = text.xcconfig; name = "Pods-NotesTests.release with agressive optimization.xcconfig"; path = "Target Support Files/Pods-NotesTests/Pods-NotesTests.release with agressive optimization.xcconfig"; sourceTree = "<group>"; };
/* End PBXFileReference section */

/* Begin PBXFrameworksBuildPhase section */
		AD4960A022CA6CFC005E5FE0 /* Frameworks */ = {
			isa = PBXFrameworksBuildPhase;
			buildActionMask = 2147483647;
			files = (
				BD123E92818EEF2471276385 /* libPods-Notes.a in Frameworks */,
			);
			runOnlyForDeploymentPostprocessing = 0;
		};
		ADCDA87E22D3336F007F4C22 /* Frameworks */ = {
			isa = PBXFrameworksBuildPhase;
			buildActionMask = 2147483647;
			files = (
				294A2F99E93485EC5A67B742 /* libPods-NotesTests.a in Frameworks */,
			);
			runOnlyForDeploymentPostprocessing = 0;
		};
/* End PBXFrameworksBuildPhase section */

/* Begin PBXGroup section */
		77182B4C80D3C3F70A0C4BD9 /* Frameworks */ = {
			isa = PBXGroup;
			children = (
				56D8C94360BA741FB28C602D /* libPods-Notes.a */,
				5808A066AF497BCB8B7AB702 /* libPods-NotesTests.a */,
			);
			name = Frameworks;
			sourceTree = "<group>";
		};
		AD010E3222F1ED0500B1DEBA /* Operations */ = {
			isa = PBXGroup;
			children = (
				AD010E3922F1ED8200B1DEBA /* AsyncOperation.swift */,
				AD010E4422F1EE0300B1DEBA /* BackendOperations */,
				AD010E3B22F1ED9700B1DEBA /* DBOperations */,
				AD010E3522F1ED4400B1DEBA /* LoadNotesOperation.swift */,
				AD010E3722F1ED6200B1DEBA /* RemoveNoteOperation.swift */,
				AD010E3322F1ED2800B1DEBA /* SaveNoteOperation.swift */,
			);
			path = Operations;
			sourceTree = "<group>";
		};
		AD010E3B22F1ED9700B1DEBA /* DBOperations */ = {
			isa = PBXGroup;
			children = (
				AD010E3C22F1EDAE00B1DEBA /* BaseDBOperation.swift */,
				AD010E4022F1EDD800B1DEBA /* LoadNotesDBOperation.swift */,
				AD010E4222F1EDF000B1DEBA /* RemoveNoteDBOperation.swift */,
				AD010E3E22F1EDC200B1DEBA /* SaveNoteDBOperation.swift */,
			);
			path = DBOperations;
			sourceTree = "<group>";
		};
		AD010E4422F1EE0300B1DEBA /* BackendOperations */ = {
			isa = PBXGroup;
			children = (
				AD010E4522F1EE1300B1DEBA /* BaseBackendOperation.swift */,
				AD010E4A22F1EE5000B1DEBA /* LoadNotesBackendOperation.swift */,
				AD010E4822F1EE3100B1DEBA /* SaveNotesBackendOperation.swift */,
			);
			path = BackendOperations;
			sourceTree = "<group>";
		};
		AD010E4C22F1EE7A00B1DEBA /* Errors */ = {
			isa = PBXGroup;
			children = (
				AD010E4E22F1EE8E00B1DEBA /* NetworkError.swift */,
				AD7C12D5235CED360072F2E4 /* NoteFilesError.swift */,
			);
			path = Errors;
			sourceTree = "<group>";
		};
		AD1550FF23593F9D0099D18B /* Delegates */ = {
			isa = PBXGroup;
			children = (
				AD54627C22FF494400568F89 /* AuthenticationViewControllerDelegate.swift */,
				AD3DDC2022E2649100647F07 /* ColorDelegate.swift */,
				AD3DDC2222E264D500647F07 /* NoteDelegate.swift */,
			);
			path = Delegates;
			sourceTree = "<group>";
		};
		AD3DDC0722E24DC500647F07 /* Helpers */ = {
			isa = PBXGroup;
			children = (
				ADCCF0C222D0BF340055DE1A /* FileNotebook.swift */,
				AD3DDC0522E2417800647F07 /* ImageGallery.swift */,
				AD3D5699235909E70048DCCB /* Converter.swift */,
			);
			path = Helpers;
			sourceTree = "<group>";
		};
		AD3DDC0C22E2599400647F07 /* ImageGalleryViewController */ = {
			isa = PBXGroup;
			children = (
				AD3DDC0822E24F2A00647F07 /* ImageGalleryViewController.swift */,
				AD3DDC1222E25BEB00647F07 /* ImageGalleryViewController+Navigation.swift */,
				AD3DDC3822E48FD800647F07 /* ImageGalleryViewController+Selectors.swift */,
				AD3DDC1422E25C3B00647F07 /* ImageGalleryViewController+UICollectionViewDataSource.swift */,
				AD3DDC1822E25DC800647F07 /* ImageGalleryViewController+UICollectionViewDelegate.swift */,
				AD3DDC1622E25CD400647F07 /* ImageGalleryViewController+UICollectionViewDelegateFlowLayout.swift */,
				AD3DDC0E22E25B3F00647F07 /* ImageGalleryViewController+UIImagePickerControllerDelegate.swift */,
				AD3DDC1022E25B6D00647F07 /* ImageGalleryViewController+UINavigationControllerDelegate.swift */,
			);
			path = ImageGalleryViewController;
			sourceTree = "<group>";
		};
		AD3DDC0D22E259A900647F07 /* ImageGalleryScrollViewController */ = {
			isa = PBXGroup;
			children = (
				AD3DDC0A22E2573200647F07 /* ImageGalleryScrollViewController.swift */,
				AD3DDC1A22E25E6200647F07 /* ImageGalleryScrollViewController+UIScrollViewDelegate.swift */,
			);
			path = ImageGalleryScrollViewController;
			sourceTree = "<group>";
		};
		AD3DDC1C22E262F900647F07 /* ColorPickerViewController */ = {
			isa = PBXGroup;
			children = (
				AD3DDC1D22E2637F00647F07 /* ColorPickerViewController.swift */,
				AD3DDC2522E4706F00647F07 /* ColorPickerViewController+ColorDelegate.swift */,
				AD3DDC2722E470B800647F07 /* ColorPickerViewController+UIGestureRecognizerDelegate.swift */,
			);
			path = ColorPickerViewController;
			sourceTree = "<group>";
		};
		AD3DDC1F22E2647A00647F07 /* Protocols */ = {
			isa = PBXGroup;
			children = (
				AD1550FF23593F9D0099D18B /* Delegates */,
				AD3D569B23590DD20048DCCB /* NoteProtocol.swift */,
				AD155100235946AE0099D18B /* NoteColorProtocol.swift */,
			);
			path = Protocols;
			sourceTree = "<group>";
		};
		AD3DDC2422E46E5E00647F07 /* EditNoteViewController */ = {
			isa = PBXGroup;
			children = (
				AD3DDC2922E4712000647F07 /* EditNoteViewController.swift */,
				AD3DDC2E22E4739A00647F07 /* EditNoteViewController+ColorDelegate.swift */,
				ADF266FE22E4BDF60008D4B0 /* EditNoteViewController+CustomMethods.swift */,
				AD54628322FF4FED00568F89 /* EditNoteViewController+DataMethods.swift */,
				AD3DDC3422E48CBD00647F07 /* EditNoteViewController+Navigation.swift */,
				AD3DDC3622E48FA000647F07 /* EditNoteViewController+Selectors.swift */,
				AD3DDC3022E473CD00647F07 /* EditNoteViewController+UIGestureRecognizerDelegate.swift */,
				AD3DDC2B22E471B000647F07 /* EditNoteViewController+UITextFieldDelegate.swift */,
			);
			path = EditNoteViewController;
			sourceTree = "<group>";
		};
		AD49609A22CA6CFB005E5FE0 = {
			isa = PBXGroup;
			children = (
				ADA3557A22D22C3A00AE2E31 /* .gitignore */,
				AD4960A522CA6CFC005E5FE0 /* Notes */,
				ADCDA88222D3336F007F4C22 /* NotesTests */,
				AD4960A422CA6CFC005E5FE0 /* Products */,
				EEF37F34F719655FA77EACC7 /* Pods */,
				77182B4C80D3C3F70A0C4BD9 /* Frameworks */,
			);
			sourceTree = "<group>";
		};
		AD4960A422CA6CFC005E5FE0 /* Products */ = {
			isa = PBXGroup;
			children = (
				AD4960A322CA6CFC005E5FE0 /* Notes.app */,
				ADCDA88122D3336F007F4C22 /* NotesTests.xctest */,
			);
			name = Products;
			sourceTree = "<group>";
		};
		AD4960A522CA6CFC005E5FE0 /* Notes */ = {
			isa = PBXGroup;
			children = (
				AD8921EE22DAF82B0044D849 /* App */,
				ADC4B25C2308A77700CC815D /* DataBase */,
				AD010E4C22F1EE7A00B1DEBA /* Errors */,
				ADC4B26C2308B1CB00CC815D /* Extensions */,
				AD3DDC0722E24DC500647F07 /* Helpers */,
				ADCCF0AC22CB35E10055DE1A /* Model */,
				AD010E3222F1ED0500B1DEBA /* Operations */,
				AD3DDC1F22E2647A00647F07 /* Protocols */,
				AD8921ED22DAF81A0044D849 /* Resources */,
				AD8921EF22DAF83D0044D849 /* Storyboards */,
				ADB56E1122DB580700DE08AC /* View */,
				AD8921F022DAF8480044D849 /* ViewControllers */,
			);
			path = Notes;
			sourceTree = "<group>";
		};
		AD54627E22FF4A3900568F89 /* AuthenticationViewController */ = {
			isa = PBXGroup;
			children = (
				AD54627A22FF483F00568F89 /* AuthenticationViewController.swift */,
				ADA7B5A32300B5B3008DEEC2 /* AuthenticationViewController+CustomMethos.swift */,
				ADA7B5A12300B511008DEEC2 /* AuthenticationViewController+Requests.swift */,
				ADA7B59F2300B455008DEEC2 /* AuthenticationViewController+WKNavigationDelegate.swift */,
			);
			path = AuthenticationViewController;
			sourceTree = "<group>";
		};
		AD8921ED22DAF81A0044D849 /* Resources */ = {
			isa = PBXGroup;
			children = (
				AD4960AD22CA6D01005E5FE0 /* Assets.xcassets */,
			);
			path = Resources;
			sourceTree = "<group>";
		};
		AD8921EE22DAF82B0044D849 /* App */ = {
			isa = PBXGroup;
			children = (
				AD4960A622CA6CFC005E5FE0 /* AppDelegate.swift */,
				AD4960B222CA6D01005E5FE0 /* Info.plist */,
			);
			path = App;
			sourceTree = "<group>";
		};
		AD8921EF22DAF83D0044D849 /* Storyboards */ = {
			isa = PBXGroup;
			children = (
				AD4960AF22CA6D01005E5FE0 /* LaunchScreen.storyboard */,
				AD4960AA22CA6CFC005E5FE0 /* Main.storyboard */,
			);
			path = Storyboards;
			sourceTree = "<group>";
		};
		AD8921F022DAF8480044D849 /* ViewControllers */ = {
			isa = PBXGroup;
			children = (
				AD54627E22FF4A3900568F89 /* AuthenticationViewController */,
				AD3DDC1C22E262F900647F07 /* ColorPickerViewController */,
				AD3DDC2422E46E5E00647F07 /* EditNoteViewController */,
				AD3DDC0D22E259A900647F07 /* ImageGalleryScrollViewController */,
				AD3DDC0C22E2599400647F07 /* ImageGalleryViewController */,
				ADF2670D22E502C20008D4B0 /* NotesTableViewController */,
			);
			path = ViewControllers;
			sourceTree = "<group>";
		};
		AD9F0A6C23002A2300CD366D /* GitHub Gists */ = {
			isa = PBXGroup;
			children = (
				AD54626F22FF3E8000568F89 /* FileContent.swift */,
				AD54627022FF3E8000568F89 /* GistFile.swift */,
				AD54626E22FF3E8000568F89 /* GitHubGist.swift */,
				AD9F0A6A230029C200CD366D /* GitHubToken.swift */,
				AD54626C22FF3E8000568F89 /* Owner.swift */,
				AD54626D22FF3E8000568F89 /* SendGistProperties.swift */,
				AD9F0A682300298B00CD366D /* UserInfo.swift */,
				AD54627622FF3EDA00568F89 /* UserSettings.swift */,
			);
			path = "GitHub Gists";
			sourceTree = "<group>";
		};
		ADB56E1122DB580700DE08AC /* View */ = {
			isa = PBXGroup;
			children = (
				ADF2670422E4F9F40008D4B0 /* ColorPickerView */,
				ADF2670022E4C0D80008D4B0 /* ColorPaletteView.swift */,
				AD3DDC3222E4776A00647F07 /* ColorSquareView.swift */,
				ADF2671E22E5147B0008D4B0 /* NoteTableViewCell */,
			);
			path = View;
			sourceTree = "<group>";
		};
		ADC4B25C2308A77700CC815D /* DataBase */ = {
			isa = PBXGroup;
			children = (
				AD02EBE023097B3A00CFD170 /* Notebook.xcdatamodeld */,
				AD02EBEF23097C3D00CFD170 /* NoteEntity+CoreDataClass.swift */,
				AD02EBEB23097C2600CFD170 /* NoteEntity+CoreDataProperties.swift */,
				AD02EBEC23097C2600CFD170 /* NoteEntity+Methods.swift */,
			);
			path = DataBase;
			sourceTree = "<group>";
		};
		ADC4B26C2308B1CB00CC815D /* Extensions */ = {
			isa = PBXGroup;
			children = (
				ADC4B26E2308B1E800CC815D /* UIClolor+Extension.swift */,
				AD1551022359BEAA0099D18B /* CGFloat+Extension.swift */,
				AD7C12D3235C78F20072F2E4 /* UIAlertController+Extension.swift */,
			);
			path = Extensions;
			sourceTree = "<group>";
		};
		ADCCF0AC22CB35E10055DE1A /* Model */ = {
			isa = PBXGroup;
			children = (
				AD9F0A6C23002A2300CD366D /* GitHub Gists */,
				ADCCF0C322D0BF340055DE1A /* Note.swift */,
				ADCCF0C122D0BF330055DE1A /* NoteExtension.swift */,
				ADC4B2702308B5D200CC815D /* Importance.swift */,
				AD3D5696235901F80048DCCB /* NoteColor.swift */,
				AD28290523593052008470F6 /* FormattedColorIndex.swift */,
			);
			path = Model;
			sourceTree = "<group>";
		};
		ADCDA88222D3336F007F4C22 /* NotesTests */ = {
			isa = PBXGroup;
			children = (
				ADABEC5922D368C3006D5167 /* FileNotebookTests.swift */,
				AD30BAAB22D3802E00C379E6 /* NoteTests.swift */,
				ADABEC5B22D368C4006D5167 /* NoteExtensionTests.swift */,
				ADCDA88522D3336F007F4C22 /* Info.plist */,
			);
			path = NotesTests;
			sourceTree = "<group>";
		};
		ADF2670422E4F9F40008D4B0 /* ColorPickerView */ = {
			isa = PBXGroup;
			children = (
				ADF2670922E4FDAA0008D4B0 /* ColorPickerView.xib */,
				ADF2670222E4E72A0008D4B0 /* ColorPickerView.swift */,
				ADF2670522E4FA300008D4B0 /* ColorPickerView+DrawMethods.swift */,
				ADF2670722E4FACF0008D4B0 /* ColorPickerView+UIMethods.swift */,
			);
			path = ColorPickerView;
			sourceTree = "<group>";
		};
		ADF2670D22E502C20008D4B0 /* NotesTableViewController */ = {
			isa = PBXGroup;
			children = (
				ADF2670B22E502BB0008D4B0 /* NotesTableViewController.swift */,
				AD54627F22FF4A6400568F89 /* NotesTableViewController+AuthenticationViewControllerDelegate.swift */,
				ADF2671A22E514080008D4B0 /* NotesTableViewController+CustomMethods.swift */,
				AD54628122FF4B2E00568F89 /* NotesTableViewController+DataMethods.swift */,
				ADF2671822E512F10008D4B0 /* NotesTableViewController+Navigation.swift */,
				ADF2670E22E503630008D4B0 /* NotesTableViewController+NoteDelegate.swift */,
				ADF2671622E511D80008D4B0 /* NotesTableViewController+Selectors.swift */,
				ADF2671222E5098F0008D4B0 /* NotesTableViewController+UITableViewDataSource.swift */,
				ADF2671422E509A20008D4B0 /* NotesTableViewController+UITableViewDelegate.swift */,
			);
			path = NotesTableViewController;
			sourceTree = "<group>";
		};
		ADF2671E22E5147B0008D4B0 /* NoteTableViewCell */ = {
			isa = PBXGroup;
			children = (
				ADF2671022E504A70008D4B0 /* NoteTableViewCell.swift */,
				ADF2671C22E5146A0008D4B0 /* NoteTableViewCell.xib */,
			);
			path = NoteTableViewCell;
			sourceTree = "<group>";
		};
		EEF37F34F719655FA77EACC7 /* Pods */ = {
			isa = PBXGroup;
			children = (
				3E2DB4F4653EE02E163ED75C /* Pods-Notes.debug.xcconfig */,
				5DEC16E32F5348984E6043B6 /* Pods-Notes.release.xcconfig */,
				99F1CF29C941C6337E85C74A /* Pods-Notes.release with agressive optimization.xcconfig */,
				AE360749E7DF03FAEFD92071 /* Pods-NotesTests.debug.xcconfig */,
				B7BAC4473D0E49A6226B2EEF /* Pods-NotesTests.release.xcconfig */,
				E6A3223047E5FCB9F1C3CAC7 /* Pods-NotesTests.release with agressive optimization.xcconfig */,
			);
			path = Pods;
			sourceTree = "<group>";
		};
/* End PBXGroup section */

/* Begin PBXNativeTarget section */
		AD4960A222CA6CFC005E5FE0 /* Notes */ = {
			isa = PBXNativeTarget;
			buildConfigurationList = AD4960B522CA6D01005E5FE0 /* Build configuration list for PBXNativeTarget "Notes" */;
			buildPhases = (
				D82F70BD06B8B4D28AE0BF55 /* [CP] Check Pods Manifest.lock */,
				AD49609F22CA6CFC005E5FE0 /* Sources */,
				AD4960A022CA6CFC005E5FE0 /* Frameworks */,
				AD4960A122CA6CFC005E5FE0 /* Resources */,
			);
			buildRules = (
			);
			dependencies = (
			);
			name = Notes;
			productName = Notes;
			productReference = AD4960A322CA6CFC005E5FE0 /* Notes.app */;
			productType = "com.apple.product-type.application";
		};
		ADCDA88022D3336F007F4C22 /* NotesTests */ = {
			isa = PBXNativeTarget;
			buildConfigurationList = ADCDA88B22D3336F007F4C22 /* Build configuration list for PBXNativeTarget "NotesTests" */;
			buildPhases = (
				483C882CD728479A1454A471 /* [CP] Check Pods Manifest.lock */,
				ADCDA87D22D3336F007F4C22 /* Sources */,
				ADCDA87E22D3336F007F4C22 /* Frameworks */,
				ADCDA87F22D3336F007F4C22 /* Resources */,
			);
			buildRules = (
			);
			dependencies = (
				ADCDA88722D3336F007F4C22 /* PBXTargetDependency */,
			);
			name = NotesTests;
			productName = NotesTests;
			productReference = ADCDA88122D3336F007F4C22 /* NotesTests.xctest */;
			productType = "com.apple.product-type.bundle.unit-test";
		};
/* End PBXNativeTarget section */

/* Begin PBXProject section */
		AD49609B22CA6CFB005E5FE0 /* Project object */ = {
			isa = PBXProject;
			attributes = {
				LastSwiftUpdateCheck = 1020;
				LastUpgradeCheck = 1020;
				ORGANIZATIONNAME = "Savonevich Konstantin";
				TargetAttributes = {
					AD4960A222CA6CFC005E5FE0 = {
						CreatedOnToolsVersion = 10.2.1;
					};
					ADCDA88022D3336F007F4C22 = {
						CreatedOnToolsVersion = 10.2.1;
						TestTargetID = AD4960A222CA6CFC005E5FE0;
					};
				};
			};
			buildConfigurationList = AD49609E22CA6CFB005E5FE0 /* Build configuration list for PBXProject "Notes" */;
			compatibilityVersion = "Xcode 9.3";
			developmentRegion = en;
			hasScannedForEncodings = 0;
			knownRegions = (
				en,
				Base,
			);
			mainGroup = AD49609A22CA6CFB005E5FE0;
			productRefGroup = AD4960A422CA6CFC005E5FE0 /* Products */;
			projectDirPath = "";
			projectRoot = "";
			targets = (
				AD4960A222CA6CFC005E5FE0 /* Notes */,
				ADCDA88022D3336F007F4C22 /* NotesTests */,
			);
		};
/* End PBXProject section */

/* Begin PBXResourcesBuildPhase section */
		AD4960A122CA6CFC005E5FE0 /* Resources */ = {
			isa = PBXResourcesBuildPhase;
			buildActionMask = 2147483647;
			files = (
				ADA3557B22D22C3A00AE2E31 /* .gitignore in Resources */,
				AD4960B122CA6D01005E5FE0 /* LaunchScreen.storyboard in Resources */,
				AD4960AE22CA6D01005E5FE0 /* Assets.xcassets in Resources */,
				ADF2671D22E5146A0008D4B0 /* NoteTableViewCell.xib in Resources */,
				ADF2670A22E4FDAA0008D4B0 /* ColorPickerView.xib in Resources */,
				AD4960AC22CA6CFC005E5FE0 /* Main.storyboard in Resources */,
			);
			runOnlyForDeploymentPostprocessing = 0;
		};
		ADCDA87F22D3336F007F4C22 /* Resources */ = {
			isa = PBXResourcesBuildPhase;
			buildActionMask = 2147483647;
			files = (
			);
			runOnlyForDeploymentPostprocessing = 0;
		};
/* End PBXResourcesBuildPhase section */

/* Begin PBXShellScriptBuildPhase section */
		483C882CD728479A1454A471 /* [CP] Check Pods Manifest.lock */ = {
			isa = PBXShellScriptBuildPhase;
			buildActionMask = 2147483647;
			files = (
			);
			inputFileListPaths = (
			);
			inputPaths = (
				"${PODS_PODFILE_DIR_PATH}/Podfile.lock",
				"${PODS_ROOT}/Manifest.lock",
			);
			name = "[CP] Check Pods Manifest.lock";
			outputFileListPaths = (
			);
			outputPaths = (
				"$(DERIVED_FILE_DIR)/Pods-NotesTests-checkManifestLockResult.txt",
			);
			runOnlyForDeploymentPostprocessing = 0;
			shellPath = /bin/sh;
			shellScript = "diff \"${PODS_PODFILE_DIR_PATH}/Podfile.lock\" \"${PODS_ROOT}/Manifest.lock\" > /dev/null\nif [ $? != 0 ] ; then\n    # print error to STDERR\n    echo \"error: The sandbox is not in sync with the Podfile.lock. Run 'pod install' or update your CocoaPods installation.\" >&2\n    exit 1\nfi\n# This output is used by Xcode 'outputs' to avoid re-running this script phase.\necho \"SUCCESS\" > \"${SCRIPT_OUTPUT_FILE_0}\"\n";
			showEnvVarsInLog = 0;
		};
		D82F70BD06B8B4D28AE0BF55 /* [CP] Check Pods Manifest.lock */ = {
			isa = PBXShellScriptBuildPhase;
			buildActionMask = 2147483647;
			files = (
			);
			inputFileListPaths = (
			);
			inputPaths = (
				"${PODS_PODFILE_DIR_PATH}/Podfile.lock",
				"${PODS_ROOT}/Manifest.lock",
			);
			name = "[CP] Check Pods Manifest.lock";
			outputFileListPaths = (
			);
			outputPaths = (
				"$(DERIVED_FILE_DIR)/Pods-Notes-checkManifestLockResult.txt",
			);
			runOnlyForDeploymentPostprocessing = 0;
			shellPath = /bin/sh;
			shellScript = "diff \"${PODS_PODFILE_DIR_PATH}/Podfile.lock\" \"${PODS_ROOT}/Manifest.lock\" > /dev/null\nif [ $? != 0 ] ; then\n    # print error to STDERR\n    echo \"error: The sandbox is not in sync with the Podfile.lock. Run 'pod install' or update your CocoaPods installation.\" >&2\n    exit 1\nfi\n# This output is used by Xcode 'outputs' to avoid re-running this script phase.\necho \"SUCCESS\" > \"${SCRIPT_OUTPUT_FILE_0}\"\n";
			showEnvVarsInLog = 0;
		};
/* End PBXShellScriptBuildPhase section */

/* Begin PBXSourcesBuildPhase section */
		AD49609F22CA6CFC005E5FE0 /* Sources */ = {
			isa = PBXSourcesBuildPhase;
			buildActionMask = 2147483647;
			files = (
				AD54627522FF3E8000568F89 /* GistFile.swift in Sources */,
				AD010E4B22F1EE5000B1DEBA /* LoadNotesBackendOperation.swift in Sources */,
				AD3DDC2322E264D500647F07 /* NoteDelegate.swift in Sources */,
				AD010E4922F1EE3100B1DEBA /* SaveNotesBackendOperation.swift in Sources */,
				AD3DDC3922E48FD800647F07 /* ImageGalleryViewController+Selectors.swift in Sources */,
				ADF2670C22E502BB0008D4B0 /* NotesTableViewController.swift in Sources */,
				AD54627B22FF483F00568F89 /* AuthenticationViewController.swift in Sources */,
				AD3DDC2C22E471B000647F07 /* EditNoteViewController+UITextFieldDelegate.swift in Sources */,
				ADF2671922E512F10008D4B0 /* NotesTableViewController+Navigation.swift in Sources */,
				AD3DDC2122E2649100647F07 /* ColorDelegate.swift in Sources */,
				AD3DDC1522E25C3B00647F07 /* ImageGalleryViewController+UICollectionViewDataSource.swift in Sources */,
				AD3DDC1E22E2637F00647F07 /* ColorPickerViewController.swift in Sources */,
				AD3DDC0B22E2573200647F07 /* ImageGalleryScrollViewController.swift in Sources */,
				AD54627222FF3E8000568F89 /* SendGistProperties.swift in Sources */,
				AD3DDC2622E4706F00647F07 /* ColorPickerViewController+ColorDelegate.swift in Sources */,
				AD54627D22FF494400568F89 /* AuthenticationViewControllerDelegate.swift in Sources */,
				AD3DDC3522E48CBD00647F07 /* EditNoteViewController+Navigation.swift in Sources */,
				AD3DDC3122E473CD00647F07 /* EditNoteViewController+UIGestureRecognizerDelegate.swift in Sources */,
				AD54627422FF3E8000568F89 /* FileContent.swift in Sources */,
				AD3DDC0622E2417800647F07 /* ImageGallery.swift in Sources */,
				ADF2671322E5098F0008D4B0 /* NotesTableViewController+UITableViewDataSource.swift in Sources */,
				AD3DDC1922E25DC800647F07 /* ImageGalleryViewController+UICollectionViewDelegate.swift in Sources */,
				AD02EBEE23097C2600CFD170 /* NoteEntity+Methods.swift in Sources */,
				AD54628222FF4B2E00568F89 /* NotesTableViewController+DataMethods.swift in Sources */,
				AD02EBF023097C3E00CFD170 /* NoteEntity+CoreDataClass.swift in Sources */,
				AD3DDC0922E24F2A00647F07 /* ImageGalleryViewController.swift in Sources */,
				ADF2670622E4FA300008D4B0 /* ColorPickerView+DrawMethods.swift in Sources */,
				AD010E3822F1ED6200B1DEBA /* RemoveNoteOperation.swift in Sources */,
				AD010E3F22F1EDC200B1DEBA /* SaveNoteDBOperation.swift in Sources */,
				ADF2671B22E514080008D4B0 /* NotesTableViewController+CustomMethods.swift in Sources */,
				AD3DDC2A22E4712000647F07 /* EditNoteViewController.swift in Sources */,
				ADCCF0C622D0BF340055DE1A /* Note.swift in Sources */,
				AD3DDC2F22E4739A00647F07 /* EditNoteViewController+ColorDelegate.swift in Sources */,
				ADA7B5A42300B5B3008DEEC2 /* AuthenticationViewController+CustomMethos.swift in Sources */,
				AD010E4622F1EE1300B1DEBA /* BaseBackendOperation.swift in Sources */,
				AD3DDC1322E25BEB00647F07 /* ImageGalleryViewController+Navigation.swift in Sources */,
				ADCCF0C422D0BF340055DE1A /* NoteExtension.swift in Sources */,
				AD54628022FF4A6400568F89 /* NotesTableViewController+AuthenticationViewControllerDelegate.swift in Sources */,
				AD3D569A235909E70048DCCB /* Converter.swift in Sources */,
				AD3DDC1B22E25E6200647F07 /* ImageGalleryScrollViewController+UIScrollViewDelegate.swift in Sources */,
				AD54627122FF3E8000568F89 /* Owner.swift in Sources */,
				AD3DDC3322E4776A00647F07 /* ColorSquareView.swift in Sources */,
				AD9F0A6B230029C200CD366D /* GitHubToken.swift in Sources */,
				AD3DDC3722E48FA000647F07 /* EditNoteViewController+Selectors.swift in Sources */,
				ADC4B2712308B5D200CC815D /* Importance.swift in Sources */,
				ADF2671522E509A20008D4B0 /* NotesTableViewController+UITableViewDelegate.swift in Sources */,
				ADA7B5A22300B511008DEEC2 /* AuthenticationViewController+Requests.swift in Sources */,
				AD3DDC1722E25CD400647F07 /* ImageGalleryViewController+UICollectionViewDelegateFlowLayout.swift in Sources */,
				ADF2670822E4FACF0008D4B0 /* ColorPickerView+UIMethods.swift in Sources */,
				AD3DDC0F22E25B3F00647F07 /* ImageGalleryViewController+UIImagePickerControllerDelegate.swift in Sources */,
				AD54628422FF4FED00568F89 /* EditNoteViewController+DataMethods.swift in Sources */,
				AD54627722FF3EDA00568F89 /* UserSettings.swift in Sources */,
				ADF2671722E511D80008D4B0 /* NotesTableViewController+Selectors.swift in Sources */,
				AD010E4322F1EDF000B1DEBA /* RemoveNoteDBOperation.swift in Sources */,
				AD02EBE223097B3A00CFD170 /* Notebook.xcdatamodeld in Sources */,
				AD010E3622F1ED4400B1DEBA /* LoadNotesOperation.swift in Sources */,
				ADF266FF22E4BDF60008D4B0 /* EditNoteViewController+CustomMethods.swift in Sources */,
				AD010E3A22F1ED8200B1DEBA /* AsyncOperation.swift in Sources */,
				AD010E4122F1EDD800B1DEBA /* LoadNotesDBOperation.swift in Sources */,
				AD010E3D22F1EDAE00B1DEBA /* BaseDBOperation.swift in Sources */,
				AD9F0A692300298B00CD366D /* UserInfo.swift in Sources */,
				AD010E3422F1ED2800B1DEBA /* SaveNoteOperation.swift in Sources */,
				AD3DDC2822E470B800647F07 /* ColorPickerViewController+UIGestureRecognizerDelegate.swift in Sources */,
				ADF2670122E4C0D80008D4B0 /* ColorPaletteView.swift in Sources */,
				ADF2670F22E503640008D4B0 /* NotesTableViewController+NoteDelegate.swift in Sources */,
				ADC4B26F2308B1E800CC815D /* UIClolor+Extension.swift in Sources */,
				AD54627322FF3E8000568F89 /* GitHubGist.swift in Sources */,
				ADF2670322E4E72A0008D4B0 /* ColorPickerView.swift in Sources */,
				AD3DDC1122E25B6D00647F07 /* ImageGalleryViewController+UINavigationControllerDelegate.swift in Sources */,
				AD3D5697235901F80048DCCB /* NoteColor.swift in Sources */,
				AD7C12D6235CED360072F2E4 /* NoteFilesError.swift in Sources */,
				ADA7B5A02300B455008DEEC2 /* AuthenticationViewController+WKNavigationDelegate.swift in Sources */,
				ADCCF0C522D0BF340055DE1A /* FileNotebook.swift in Sources */,
				AD7C12D4235C78F20072F2E4 /* UIAlertController+Extension.swift in Sources */,
				AD155101235946AE0099D18B /* NoteColorProtocol.swift in Sources */,
				AD28290623593052008470F6 /* FormattedColorIndex.swift in Sources */,
				AD1551032359BEAB0099D18B /* CGFloat+Extension.swift in Sources */,
				AD02EBED23097C2600CFD170 /* NoteEntity+CoreDataProperties.swift in Sources */,
				AD3D569C23590DD20048DCCB /* NoteProtocol.swift in Sources */,
				AD010E4F22F1EE8E00B1DEBA /* NetworkError.swift in Sources */,
				ADF2671122E504A70008D4B0 /* NoteTableViewCell.swift in Sources */,
				AD4960A722CA6CFC005E5FE0 /* AppDelegate.swift in Sources */,
			);
			runOnlyForDeploymentPostprocessing = 0;
		};
		ADCDA87D22D3336F007F4C22 /* Sources */ = {
			isa = PBXSourcesBuildPhase;
			buildActionMask = 2147483647;
			files = (
				ADABEC5E22D368C4006D5167 /* NoteExtensionTests.swift in Sources */,
				ADABEC5C22D368C4006D5167 /* FileNotebookTests.swift in Sources */,
				AD30BAAC22D3802E00C379E6 /* NoteTests.swift in Sources */,
			);
			runOnlyForDeploymentPostprocessing = 0;
		};
/* End PBXSourcesBuildPhase section */

/* Begin PBXTargetDependency section */
		ADCDA88722D3336F007F4C22 /* PBXTargetDependency */ = {
			isa = PBXTargetDependency;
			target = AD4960A222CA6CFC005E5FE0 /* Notes */;
			targetProxy = ADCDA88622D3336F007F4C22 /* PBXContainerItemProxy */;
		};
/* End PBXTargetDependency section */

/* Begin PBXVariantGroup section */
		AD4960AA22CA6CFC005E5FE0 /* Main.storyboard */ = {
			isa = PBXVariantGroup;
			children = (
				AD4960AB22CA6CFC005E5FE0 /* Base */,
			);
			name = Main.storyboard;
			sourceTree = "<group>";
		};
		AD4960AF22CA6D01005E5FE0 /* LaunchScreen.storyboard */ = {
			isa = PBXVariantGroup;
			children = (
				AD4960B022CA6D01005E5FE0 /* Base */,
			);
			name = LaunchScreen.storyboard;
			sourceTree = "<group>";
		};
/* End PBXVariantGroup section */

/* Begin XCBuildConfiguration section */
		AD4960B322CA6D01005E5FE0 /* Debug */ = {
			isa = XCBuildConfiguration;
			buildSettings = {
				ALWAYS_SEARCH_USER_PATHS = NO;
				CLANG_ANALYZER_NONNULL = YES;
				CLANG_ANALYZER_NUMBER_OBJECT_CONVERSION = YES_AGGRESSIVE;
				CLANG_CXX_LANGUAGE_STANDARD = "gnu++14";
				CLANG_CXX_LIBRARY = "libc++";
				CLANG_ENABLE_MODULES = YES;
				CLANG_ENABLE_OBJC_ARC = YES;
				CLANG_ENABLE_OBJC_WEAK = YES;
				CLANG_WARN_BLOCK_CAPTURE_AUTORELEASING = YES;
				CLANG_WARN_BOOL_CONVERSION = YES;
				CLANG_WARN_COMMA = YES;
				CLANG_WARN_CONSTANT_CONVERSION = YES;
				CLANG_WARN_DEPRECATED_OBJC_IMPLEMENTATIONS = YES;
				CLANG_WARN_DIRECT_OBJC_ISA_USAGE = YES_ERROR;
				CLANG_WARN_DOCUMENTATION_COMMENTS = YES;
				CLANG_WARN_EMPTY_BODY = YES;
				CLANG_WARN_ENUM_CONVERSION = YES;
				CLANG_WARN_INFINITE_RECURSION = YES;
				CLANG_WARN_INT_CONVERSION = YES;
				CLANG_WARN_NON_LITERAL_NULL_CONVERSION = YES;
				CLANG_WARN_OBJC_IMPLICIT_RETAIN_SELF = YES;
				CLANG_WARN_OBJC_LITERAL_CONVERSION = YES;
				CLANG_WARN_OBJC_ROOT_CLASS = YES_ERROR;
				CLANG_WARN_RANGE_LOOP_ANALYSIS = YES;
				CLANG_WARN_STRICT_PROTOTYPES = YES;
				CLANG_WARN_SUSPICIOUS_MOVE = YES;
				CLANG_WARN_UNGUARDED_AVAILABILITY = YES_AGGRESSIVE;
				CLANG_WARN_UNREACHABLE_CODE = YES;
				CLANG_WARN__DUPLICATE_METHOD_MATCH = YES;
				CODE_SIGN_IDENTITY = "iPhone Developer";
				COPY_PHASE_STRIP = NO;
				DEBUG_INFORMATION_FORMAT = dwarf;
				ENABLE_STRICT_OBJC_MSGSEND = YES;
				ENABLE_TESTABILITY = YES;
				GCC_C_LANGUAGE_STANDARD = gnu11;
				GCC_DYNAMIC_NO_PIC = NO;
				GCC_NO_COMMON_BLOCKS = YES;
				GCC_OPTIMIZATION_LEVEL = 0;
				GCC_PREPROCESSOR_DEFINITIONS = (
					"DEBUG=1",
					"$(inherited)",
				);
				GCC_WARN_64_TO_32_BIT_CONVERSION = YES;
				GCC_WARN_ABOUT_RETURN_TYPE = YES_ERROR;
				GCC_WARN_UNDECLARED_SELECTOR = YES;
				GCC_WARN_UNINITIALIZED_AUTOS = YES_AGGRESSIVE;
				GCC_WARN_UNUSED_FUNCTION = YES;
				GCC_WARN_UNUSED_VARIABLE = YES;
				IPHONEOS_DEPLOYMENT_TARGET = 12.1;
				MTL_ENABLE_DEBUG_INFO = INCLUDE_SOURCE;
				MTL_FAST_MATH = YES;
				ONLY_ACTIVE_ARCH = YES;
				SDKROOT = iphoneos;
				SWIFT_ACTIVE_COMPILATION_CONDITIONS = DEBUG;
				SWIFT_OPTIMIZATION_LEVEL = "-Onone";
			};
			name = Debug;
		};
		AD4960B422CA6D01005E5FE0 /* Release */ = {
			isa = XCBuildConfiguration;
			buildSettings = {
				ALWAYS_SEARCH_USER_PATHS = NO;
				CLANG_ANALYZER_NONNULL = YES;
				CLANG_ANALYZER_NUMBER_OBJECT_CONVERSION = YES_AGGRESSIVE;
				CLANG_CXX_LANGUAGE_STANDARD = "gnu++14";
				CLANG_CXX_LIBRARY = "libc++";
				CLANG_ENABLE_MODULES = YES;
				CLANG_ENABLE_OBJC_ARC = YES;
				CLANG_ENABLE_OBJC_WEAK = YES;
				CLANG_WARN_BLOCK_CAPTURE_AUTORELEASING = YES;
				CLANG_WARN_BOOL_CONVERSION = YES;
				CLANG_WARN_COMMA = YES;
				CLANG_WARN_CONSTANT_CONVERSION = YES;
				CLANG_WARN_DEPRECATED_OBJC_IMPLEMENTATIONS = YES;
				CLANG_WARN_DIRECT_OBJC_ISA_USAGE = YES_ERROR;
				CLANG_WARN_DOCUMENTATION_COMMENTS = YES;
				CLANG_WARN_EMPTY_BODY = YES;
				CLANG_WARN_ENUM_CONVERSION = YES;
				CLANG_WARN_INFINITE_RECURSION = YES;
				CLANG_WARN_INT_CONVERSION = YES;
				CLANG_WARN_NON_LITERAL_NULL_CONVERSION = YES;
				CLANG_WARN_OBJC_IMPLICIT_RETAIN_SELF = YES;
				CLANG_WARN_OBJC_LITERAL_CONVERSION = YES;
				CLANG_WARN_OBJC_ROOT_CLASS = YES_ERROR;
				CLANG_WARN_RANGE_LOOP_ANALYSIS = YES;
				CLANG_WARN_STRICT_PROTOTYPES = YES;
				CLANG_WARN_SUSPICIOUS_MOVE = YES;
				CLANG_WARN_UNGUARDED_AVAILABILITY = YES_AGGRESSIVE;
				CLANG_WARN_UNREACHABLE_CODE = YES;
				CLANG_WARN__DUPLICATE_METHOD_MATCH = YES;
				CODE_SIGN_IDENTITY = "iPhone Developer";
				COPY_PHASE_STRIP = NO;
				DEBUG_INFORMATION_FORMAT = "dwarf-with-dsym";
				ENABLE_NS_ASSERTIONS = NO;
				ENABLE_STRICT_OBJC_MSGSEND = YES;
				GCC_C_LANGUAGE_STANDARD = gnu11;
				GCC_NO_COMMON_BLOCKS = YES;
				GCC_WARN_64_TO_32_BIT_CONVERSION = YES;
				GCC_WARN_ABOUT_RETURN_TYPE = YES_ERROR;
				GCC_WARN_UNDECLARED_SELECTOR = YES;
				GCC_WARN_UNINITIALIZED_AUTOS = YES_AGGRESSIVE;
				GCC_WARN_UNUSED_FUNCTION = YES;
				GCC_WARN_UNUSED_VARIABLE = YES;
				IPHONEOS_DEPLOYMENT_TARGET = 12.1;
				MTL_ENABLE_DEBUG_INFO = NO;
				MTL_FAST_MATH = YES;
				SDKROOT = iphoneos;
				SWIFT_COMPILATION_MODE = wholemodule;
				SWIFT_OPTIMIZATION_LEVEL = "-O";
				VALIDATE_PRODUCT = YES;
			};
			name = Release;
		};
		AD4960B622CA6D01005E5FE0 /* Debug */ = {
			isa = XCBuildConfiguration;
			baseConfigurationReference = 3E2DB4F4653EE02E163ED75C /* Pods-Notes.debug.xcconfig */;
			buildSettings = {
				ASSETCATALOG_COMPILER_APPICON_NAME = AppIcon;
				CODE_SIGN_STYLE = Automatic;
				DEVELOPMENT_TEAM = 4ACA65937A;
				INFOPLIST_FILE = "$(SRCROOT)/Notes/App/Info.plist";
				IPHONEOS_DEPLOYMENT_TARGET = 12.1;
				LD_RUNPATH_SEARCH_PATHS = (
					"$(inherited)",
					"@executable_path/Frameworks",
				);
				PRODUCT_BUNDLE_IDENTIFIER = SavK.Notes;
				PRODUCT_NAME = "$(TARGET_NAME)";
				SWIFT_VERSION = 5.0;
				TARGETED_DEVICE_FAMILY = 1;
			};
			name = Debug;
		};
		AD4960B722CA6D01005E5FE0 /* Release */ = {
			isa = XCBuildConfiguration;
			baseConfigurationReference = 5DEC16E32F5348984E6043B6 /* Pods-Notes.release.xcconfig */;
			buildSettings = {
				ASSETCATALOG_COMPILER_APPICON_NAME = AppIcon;
				CODE_SIGN_STYLE = Automatic;
				DEVELOPMENT_TEAM = 4ACA65937A;
				INFOPLIST_FILE = "$(SRCROOT)/Notes/App/Info.plist";
				IPHONEOS_DEPLOYMENT_TARGET = 12.1;
				LD_RUNPATH_SEARCH_PATHS = (
					"$(inherited)",
					"@executable_path/Frameworks",
				);
				PRODUCT_BUNDLE_IDENTIFIER = SavK.Notes;
				PRODUCT_NAME = "$(TARGET_NAME)";
				SWIFT_VERSION = 5.0;
				TARGETED_DEVICE_FAMILY = 1;
			};
			name = Release;
		};
		ADCCF0B922D0BA990055DE1A /* Release with agressive optimization */ = {
			isa = XCBuildConfiguration;
			buildSettings = {
				ALWAYS_SEARCH_USER_PATHS = NO;
				CLANG_ANALYZER_NONNULL = YES;
				CLANG_ANALYZER_NUMBER_OBJECT_CONVERSION = YES_AGGRESSIVE;
				CLANG_CXX_LANGUAGE_STANDARD = "gnu++14";
				CLANG_CXX_LIBRARY = "libc++";
				CLANG_ENABLE_MODULES = YES;
				CLANG_ENABLE_OBJC_ARC = YES;
				CLANG_ENABLE_OBJC_WEAK = YES;
				CLANG_WARN_BLOCK_CAPTURE_AUTORELEASING = YES;
				CLANG_WARN_BOOL_CONVERSION = YES;
				CLANG_WARN_COMMA = YES;
				CLANG_WARN_CONSTANT_CONVERSION = YES;
				CLANG_WARN_DEPRECATED_OBJC_IMPLEMENTATIONS = YES;
				CLANG_WARN_DIRECT_OBJC_ISA_USAGE = YES_ERROR;
				CLANG_WARN_DOCUMENTATION_COMMENTS = YES;
				CLANG_WARN_EMPTY_BODY = YES;
				CLANG_WARN_ENUM_CONVERSION = YES;
				CLANG_WARN_INFINITE_RECURSION = YES;
				CLANG_WARN_INT_CONVERSION = YES;
				CLANG_WARN_NON_LITERAL_NULL_CONVERSION = YES;
				CLANG_WARN_OBJC_IMPLICIT_RETAIN_SELF = YES;
				CLANG_WARN_OBJC_LITERAL_CONVERSION = YES;
				CLANG_WARN_OBJC_ROOT_CLASS = YES_ERROR;
				CLANG_WARN_RANGE_LOOP_ANALYSIS = YES;
				CLANG_WARN_STRICT_PROTOTYPES = YES;
				CLANG_WARN_SUSPICIOUS_MOVE = YES;
				CLANG_WARN_UNGUARDED_AVAILABILITY = YES_AGGRESSIVE;
				CLANG_WARN_UNREACHABLE_CODE = YES;
				CLANG_WARN__DUPLICATE_METHOD_MATCH = YES;
				CODE_SIGN_IDENTITY = "iPhone Developer";
				COPY_PHASE_STRIP = NO;
				DEBUG_INFORMATION_FORMAT = "dwarf-with-dsym";
				ENABLE_NS_ASSERTIONS = NO;
				ENABLE_STRICT_OBJC_MSGSEND = YES;
				GCC_C_LANGUAGE_STANDARD = gnu11;
				GCC_NO_COMMON_BLOCKS = YES;
				GCC_OPTIMIZATION_LEVEL = fast;
				GCC_WARN_64_TO_32_BIT_CONVERSION = YES;
				GCC_WARN_ABOUT_RETURN_TYPE = YES_ERROR;
				GCC_WARN_UNDECLARED_SELECTOR = YES;
				GCC_WARN_UNINITIALIZED_AUTOS = YES_AGGRESSIVE;
				GCC_WARN_UNUSED_FUNCTION = YES;
				GCC_WARN_UNUSED_VARIABLE = YES;
				IPHONEOS_DEPLOYMENT_TARGET = 12.1;
				MTL_ENABLE_DEBUG_INFO = NO;
				MTL_FAST_MATH = YES;
				SDKROOT = iphoneos;
				SWIFT_COMPILATION_MODE = wholemodule;
				SWIFT_OPTIMIZATION_LEVEL = "-O";
				VALIDATE_PRODUCT = YES;
			};
			name = "Release with agressive optimization";
		};
		ADCCF0BA22D0BA990055DE1A /* Release with agressive optimization */ = {
			isa = XCBuildConfiguration;
			baseConfigurationReference = 99F1CF29C941C6337E85C74A /* Pods-Notes.release with agressive optimization.xcconfig */;
			buildSettings = {
				ASSETCATALOG_COMPILER_APPICON_NAME = AppIcon;
				CODE_SIGN_STYLE = Automatic;
				DEVELOPMENT_TEAM = 4ACA65937A;
				INFOPLIST_FILE = "$(SRCROOT)/Notes/App/Info.plist";
				IPHONEOS_DEPLOYMENT_TARGET = 12.1;
				LD_RUNPATH_SEARCH_PATHS = (
					"$(inherited)",
					"@executable_path/Frameworks",
				);
				PRODUCT_BUNDLE_IDENTIFIER = SavK.Notes;
				PRODUCT_NAME = "$(TARGET_NAME)";
				SWIFT_VERSION = 5.0;
				TARGETED_DEVICE_FAMILY = 1;
			};
			name = "Release with agressive optimization";
		};
		ADCDA88822D3336F007F4C22 /* Debug */ = {
			isa = XCBuildConfiguration;
			baseConfigurationReference = AE360749E7DF03FAEFD92071 /* Pods-NotesTests.debug.xcconfig */;
			buildSettings = {
				BUNDLE_LOADER = "$(TEST_HOST)";
				CODE_SIGN_STYLE = Automatic;
				DEVELOPMENT_TEAM = 4ACA65937A;
				INFOPLIST_FILE = NotesTests/Info.plist;
				IPHONEOS_DEPLOYMENT_TARGET = 12.2;
				LD_RUNPATH_SEARCH_PATHS = (
					"$(inherited)",
					"@executable_path/Frameworks",
					"@loader_path/Frameworks",
				);
				PRODUCT_BUNDLE_IDENTIFIER = SavK.NotesTests;
				PRODUCT_NAME = "$(TARGET_NAME)";
				SWIFT_VERSION = 5.0;
				TARGETED_DEVICE_FAMILY = "1,2";
				TEST_HOST = "$(BUILT_PRODUCTS_DIR)/Notes.app/Notes";
			};
			name = Debug;
		};
		ADCDA88922D3336F007F4C22 /* Release */ = {
			isa = XCBuildConfiguration;
			baseConfigurationReference = B7BAC4473D0E49A6226B2EEF /* Pods-NotesTests.release.xcconfig */;
			buildSettings = {
				BUNDLE_LOADER = "$(TEST_HOST)";
				CODE_SIGN_STYLE = Automatic;
				DEVELOPMENT_TEAM = 4ACA65937A;
				INFOPLIST_FILE = NotesTests/Info.plist;
				IPHONEOS_DEPLOYMENT_TARGET = 12.2;
				LD_RUNPATH_SEARCH_PATHS = (
					"$(inherited)",
					"@executable_path/Frameworks",
					"@loader_path/Frameworks",
				);
				PRODUCT_BUNDLE_IDENTIFIER = SavK.NotesTests;
				PRODUCT_NAME = "$(TARGET_NAME)";
				SWIFT_VERSION = 5.0;
				TARGETED_DEVICE_FAMILY = "1,2";
				TEST_HOST = "$(BUILT_PRODUCTS_DIR)/Notes.app/Notes";
			};
			name = Release;
		};
		ADCDA88A22D3336F007F4C22 /* Release with agressive optimization */ = {
			isa = XCBuildConfiguration;
			baseConfigurationReference = E6A3223047E5FCB9F1C3CAC7 /* Pods-NotesTests.release with agressive optimization.xcconfig */;
			buildSettings = {
				BUNDLE_LOADER = "$(TEST_HOST)";
				CODE_SIGN_STYLE = Automatic;
				DEVELOPMENT_TEAM = 4ACA65937A;
				INFOPLIST_FILE = NotesTests/Info.plist;
				IPHONEOS_DEPLOYMENT_TARGET = 12.2;
				LD_RUNPATH_SEARCH_PATHS = (
					"$(inherited)",
					"@executable_path/Frameworks",
					"@loader_path/Frameworks",
				);
				PRODUCT_BUNDLE_IDENTIFIER = SavK.NotesTests;
				PRODUCT_NAME = "$(TARGET_NAME)";
				SWIFT_VERSION = 5.0;
				TARGETED_DEVICE_FAMILY = "1,2";
				TEST_HOST = "$(BUILT_PRODUCTS_DIR)/Notes.app/Notes";
			};
			name = "Release with agressive optimization";
		};
/* End XCBuildConfiguration section */

/* Begin XCConfigurationList section */
		AD49609E22CA6CFB005E5FE0 /* Build configuration list for PBXProject "Notes" */ = {
			isa = XCConfigurationList;
			buildConfigurations = (
				AD4960B322CA6D01005E5FE0 /* Debug */,
				AD4960B422CA6D01005E5FE0 /* Release */,
				ADCCF0B922D0BA990055DE1A /* Release with agressive optimization */,
			);
			defaultConfigurationIsVisible = 0;
			defaultConfigurationName = Release;
		};
		AD4960B522CA6D01005E5FE0 /* Build configuration list for PBXNativeTarget "Notes" */ = {
			isa = XCConfigurationList;
			buildConfigurations = (
				AD4960B622CA6D01005E5FE0 /* Debug */,
				AD4960B722CA6D01005E5FE0 /* Release */,
				ADCCF0BA22D0BA990055DE1A /* Release with agressive optimization */,
			);
			defaultConfigurationIsVisible = 0;
			defaultConfigurationName = Release;
		};
		ADCDA88B22D3336F007F4C22 /* Build configuration list for PBXNativeTarget "NotesTests" */ = {
			isa = XCConfigurationList;
			buildConfigurations = (
				ADCDA88822D3336F007F4C22 /* Debug */,
				ADCDA88922D3336F007F4C22 /* Release */,
				ADCDA88A22D3336F007F4C22 /* Release with agressive optimization */,
			);
			defaultConfigurationIsVisible = 0;
			defaultConfigurationName = Release;
		};
/* End XCConfigurationList section */

/* Begin XCVersionGroup section */
		AD02EBE023097B3A00CFD170 /* Notebook.xcdatamodeld */ = {
			isa = XCVersionGroup;
			children = (
				ADA48A302309849E00D7BD00 /* Notebook 2.xcdatamodel */,
				AD02EBE123097B3A00CFD170 /* Notebook.xcdatamodel */,
			);
			currentVersion = AD02EBE123097B3A00CFD170 /* Notebook.xcdatamodel */;
			path = Notebook.xcdatamodeld;
			sourceTree = "<group>";
			versionGroupType = wrapper.xcdatamodel;
		};
/* End XCVersionGroup section */
	};
	rootObject = AD49609B22CA6CFB005E5FE0 /* Project object */;
}
